// !$*UTF8*$!
{
	archiveVersion = 1;
	classes = {
	};
	objectVersion = 52;
	objects = {

/* Begin PBXBuildFile section */
		7E090BA725D1C12700FF35F4 /* GuideTest.swift in Sources */ = {isa = PBXBuildFile; fileRef = 7E090BA625D1C12700FF35F4 /* GuideTest.swift */; };
		7E0954A925D9A5BF00A58AFF /* TitleLessonReading.swift in Sources */ = {isa = PBXBuildFile; fileRef = 7E0954A825D9A5BF00A58AFF /* TitleLessonReading.swift */; };
		7E0954AE25D9A63F00A58AFF /* SoundButton.swift in Sources */ = {isa = PBXBuildFile; fileRef = 7E0954AD25D9A63F00A58AFF /* SoundButton.swift */; };
		7E125B5B263C4EBA0074043F /* QuizsViewIpad.swift in Sources */ = {isa = PBXBuildFile; fileRef = 7E125B5A263C4EBA0074043F /* QuizsViewIpad.swift */; };
		7E125B5D263C4F150074043F /* QuizsViewIphone.swift in Sources */ = {isa = PBXBuildFile; fileRef = 7E125B5C263C4F150074043F /* QuizsViewIphone.swift */; };
		7E1878A525D95742001DEA8E /* DrawingPad.swift in Sources */ = {isa = PBXBuildFile; fileRef = 7E1878A425D95742001DEA8E /* DrawingPad.swift */; };
		7E1878B725D964FF001DEA8E /* DrawingButtons.swift in Sources */ = {isa = PBXBuildFile; fileRef = 7E1878B625D964FF001DEA8E /* DrawingButtons.swift */; };
		7E1DB4AF26541B4600FC3BC4 /* Launch Screen.storyboard in Resources */ = {isa = PBXBuildFile; fileRef = 7E1DB4AE26541B4600FC3BC4 /* Launch Screen.storyboard */; };
		7E21A34D25E049A90073A3EF /* SuggestionsTest.swift in Sources */ = {isa = PBXBuildFile; fileRef = 7E21A34C25E049A80073A3EF /* SuggestionsTest.swift */; };
		7E21A35825E04D940073A3EF /* DrawingButtonsTest.swift in Sources */ = {isa = PBXBuildFile; fileRef = 7E21A35725E04D940073A3EF /* DrawingButtonsTest.swift */; };
		7E232E6B260A5A0F0004B29F /* BodyQuizKeyboard.swift in Sources */ = {isa = PBXBuildFile; fileRef = 7E232E6A260A5A0F0004B29F /* BodyQuizKeyboard.swift */; };
		7E232E70260A68860004B29F /* BodyQuizWriting.swift in Sources */ = {isa = PBXBuildFile; fileRef = 7E232E6F260A68860004B29F /* BodyQuizWriting.swift */; };
		7E232E75260A6E4C0004B29F /* StatRow.swift in Sources */ = {isa = PBXBuildFile; fileRef = 7E232E74260A6E4C0004B29F /* StatRow.swift */; };
		7E23B86E25D9A0E80010EAF6 /* DrawingPadTest.swift in Sources */ = {isa = PBXBuildFile; fileRef = 7E23B86D25D9A0E80010EAF6 /* DrawingPadTest.swift */; };
		7E25672725FBBDDD005B71A8 /* weekdays.json in Resources */ = {isa = PBXBuildFile; fileRef = 7E25672925FBBDDD005B71A8 /* weekdays.json */; };
		7E25672F25FBBE5C005B71A8 /* Weekday.swift in Sources */ = {isa = PBXBuildFile; fileRef = 7E25672E25FBBE5C005B71A8 /* Weekday.swift */; };
		7E335B3325E6BE46004EC2C9 /* SuggestionsQuiz.swift in Sources */ = {isa = PBXBuildFile; fileRef = 7E335B3225E6BE45004EC2C9 /* SuggestionsQuiz.swift */; };
		7E335B3B25E6BE55004EC2C9 /* SuggestionCellQuiz.swift in Sources */ = {isa = PBXBuildFile; fileRef = 7E335B3A25E6BE55004EC2C9 /* SuggestionCellQuiz.swift */; };
		7E3E425625CB2C7C00B2F5AC /* Assets.xcassets in Resources */ = {isa = PBXBuildFile; fileRef = 7E3E425525CB2C7C00B2F5AC /* Assets.xcassets */; };
		7E3E425925CB2C7C00B2F5AC /* Preview Assets.xcassets in Resources */ = {isa = PBXBuildFile; fileRef = 7E3E425825CB2C7C00B2F5AC /* Preview Assets.xcassets */; };
		7E3E425B25CB2C7C00B2F5AC /* Persistence.swift in Sources */ = {isa = PBXBuildFile; fileRef = 7E3E425A25CB2C7C00B2F5AC /* Persistence.swift */; };
		7E3E425E25CB2C7C00B2F5AC /* KanaTorii.xcdatamodeld in Sources */ = {isa = PBXBuildFile; fileRef = 7E3E425C25CB2C7C00B2F5AC /* KanaTorii.xcdatamodeld */; };
		7E3E426925CB2C7D00B2F5AC /* KanaToriiTests.swift in Sources */ = {isa = PBXBuildFile; fileRef = 7E3E426825CB2C7D00B2F5AC /* KanaToriiTests.swift */; };
		7E3E427425CB2C7D00B2F5AC /* KanaToriiUITests.swift in Sources */ = {isa = PBXBuildFile; fileRef = 7E3E427325CB2C7D00B2F5AC /* KanaToriiUITests.swift */; };
		7E3E42DC25CB341400B2F5AC /* KanaToriiApp.swift in Sources */ = {isa = PBXBuildFile; fileRef = 7E3E42DB25CB341400B2F5AC /* KanaToriiApp.swift */; };
		7E3E42E225CB343300B2F5AC /* ContentView.swift in Sources */ = {isa = PBXBuildFile; fileRef = 7E3E42E125CB343300B2F5AC /* ContentView.swift */; };
		7E3E42EF25CB345A00B2F5AC /* HomeJapaneseTitle.swift in Sources */ = {isa = PBXBuildFile; fileRef = 7E3E42E625CB345A00B2F5AC /* HomeJapaneseTitle.swift */; };
		7E3E42F125CB345A00B2F5AC /* HomeBackground.swift in Sources */ = {isa = PBXBuildFile; fileRef = 7E3E42E825CB345A00B2F5AC /* HomeBackground.swift */; };
		7E3E42F225CB345A00B2F5AC /* ActivityView.swift in Sources */ = {isa = PBXBuildFile; fileRef = 7E3E42E925CB345A00B2F5AC /* ActivityView.swift */; };
		7E3E42F325CB345A00B2F5AC /* ButtonShare.swift in Sources */ = {isa = PBXBuildFile; fileRef = 7E3E42EA25CB345A00B2F5AC /* ButtonShare.swift */; };
		7E3E42F425CB345A00B2F5AC /* HomeTitle.swift in Sources */ = {isa = PBXBuildFile; fileRef = 7E3E42EB25CB345A00B2F5AC /* HomeTitle.swift */; };
		7E3E42F525CB345A00B2F5AC /* SubtitleHome.swift in Sources */ = {isa = PBXBuildFile; fileRef = 7E3E42EC25CB345A00B2F5AC /* SubtitleHome.swift */; };
		7E3E42F625CB345A00B2F5AC /* HomeView.swift in Sources */ = {isa = PBXBuildFile; fileRef = 7E3E42ED25CB345A00B2F5AC /* HomeView.swift */; };
		7E3E42F725CB345A00B2F5AC /* ButtonSettings.swift in Sources */ = {isa = PBXBuildFile; fileRef = 7E3E42EE25CB345A00B2F5AC /* ButtonSettings.swift */; };
		7E3E430125CB353000B2F5AC /* SettingsView.swift in Sources */ = {isa = PBXBuildFile; fileRef = 7E3E42FD25CB352F00B2F5AC /* SettingsView.swift */; };
		7E3E430225CB353000B2F5AC /* IntroductionView.swift in Sources */ = {isa = PBXBuildFile; fileRef = 7E3E42FE25CB352F00B2F5AC /* IntroductionView.swift */; };
		7E3E430425CB353000B2F5AC /* SheetHeaderIntroduction.swift in Sources */ = {isa = PBXBuildFile; fileRef = 7E3E430025CB353000B2F5AC /* SheetHeaderIntroduction.swift */; };
		7E3E430B25CB358200B2F5AC /* GreenSegmentedControl.swift in Sources */ = {isa = PBXBuildFile; fileRef = 7E3E430925CB358200B2F5AC /* GreenSegmentedControl.swift */; };
		7E3E430C25CB358200B2F5AC /* ListsView.swift in Sources */ = {isa = PBXBuildFile; fileRef = 7E3E430A25CB358200B2F5AC /* ListsView.swift */; };
		7E3E431725CB35B800B2F5AC /* Grid.swift in Sources */ = {isa = PBXBuildFile; fileRef = 7E3E431125CB35B700B2F5AC /* Grid.swift */; };
		7E3E431825CB35B800B2F5AC /* YoonGrid.swift in Sources */ = {isa = PBXBuildFile; fileRef = 7E3E431225CB35B700B2F5AC /* YoonGrid.swift */; };
		7E3E431925CB35B800B2F5AC /* CustomSection.swift in Sources */ = {isa = PBXBuildFile; fileRef = 7E3E431325CB35B700B2F5AC /* CustomSection.swift */; };
		7E3E431A25CB35B800B2F5AC /* DakuonHandakuonGrid.swift in Sources */ = {isa = PBXBuildFile; fileRef = 7E3E431425CB35B800B2F5AC /* DakuonHandakuonGrid.swift */; };
		7E3E431B25CB35B800B2F5AC /* GojuonGrid.swift in Sources */ = {isa = PBXBuildFile; fileRef = 7E3E431525CB35B800B2F5AC /* GojuonGrid.swift */; };
		7E3E431C25CB35B800B2F5AC /* KanaCell.swift in Sources */ = {isa = PBXBuildFile; fileRef = 7E3E431625CB35B800B2F5AC /* KanaCell.swift */; };
		7E3E432625CB361D00B2F5AC /* ChevronButton.swift in Sources */ = {isa = PBXBuildFile; fileRef = 7E3E432125CB361C00B2F5AC /* ChevronButton.swift */; };
		7E3E432725CB361D00B2F5AC /* DetailsView.swift in Sources */ = {isa = PBXBuildFile; fileRef = 7E3E432225CB361C00B2F5AC /* DetailsView.swift */; };
		7E3E432825CB361D00B2F5AC /* PageControl.swift in Sources */ = {isa = PBXBuildFile; fileRef = 7E3E432325CB361D00B2F5AC /* PageControl.swift */; };
		7E3E432925CB361D00B2F5AC /* Chevron.swift in Sources */ = {isa = PBXBuildFile; fileRef = 7E3E432425CB361D00B2F5AC /* Chevron.swift */; };
		7E3E432A25CB361D00B2F5AC /* PageViewController.swift in Sources */ = {isa = PBXBuildFile; fileRef = 7E3E432525CB361D00B2F5AC /* PageViewController.swift */; };
		7E3E433425CB366400B2F5AC /* LinesImagesSection.swift in Sources */ = {isa = PBXBuildFile; fileRef = 7E3E432F25CB366400B2F5AC /* LinesImagesSection.swift */; };
		7E3E433525CB366400B2F5AC /* StatisticsSection.swift in Sources */ = {isa = PBXBuildFile; fileRef = 7E3E433025CB366400B2F5AC /* StatisticsSection.swift */; };
		7E3E433625CB366400B2F5AC /* FlashCard.swift in Sources */ = {isa = PBXBuildFile; fileRef = 7E3E433125CB366400B2F5AC /* FlashCard.swift */; };
		7E3E433825CB366400B2F5AC /* DetailPage.swift in Sources */ = {isa = PBXBuildFile; fileRef = 7E3E433325CB366400B2F5AC /* DetailPage.swift */; };
		7E3E434925CB369900B2F5AC /* InversedLabel.swift in Sources */ = {isa = PBXBuildFile; fileRef = 7E3E433D25CB369800B2F5AC /* InversedLabel.swift */; };
		7E3E434A25CB369900B2F5AC /* DrawingGrid.swift in Sources */ = {isa = PBXBuildFile; fileRef = 7E3E433E25CB369800B2F5AC /* DrawingGrid.swift */; };
		7E3E434C25CB369900B2F5AC /* HorizontalDottedLine.swift in Sources */ = {isa = PBXBuildFile; fileRef = 7E3E434025CB369800B2F5AC /* HorizontalDottedLine.swift */; };
		7E3E434D25CB369900B2F5AC /* ShowGuideButtonLabel.swift in Sources */ = {isa = PBXBuildFile; fileRef = 7E3E434125CB369800B2F5AC /* ShowGuideButtonLabel.swift */; };
		7E3E434E25CB369900B2F5AC /* DeleteButtonLabel.swift in Sources */ = {isa = PBXBuildFile; fileRef = 7E3E434225CB369800B2F5AC /* DeleteButtonLabel.swift */; };
		7E3E434F25CB369900B2F5AC /* VerticalDottedLine.swift in Sources */ = {isa = PBXBuildFile; fileRef = 7E3E434325CB369800B2F5AC /* VerticalDottedLine.swift */; };
		7E3E435025CB369900B2F5AC /* NavigationButtonPrevious.swift in Sources */ = {isa = PBXBuildFile; fileRef = 7E3E434425CB369800B2F5AC /* NavigationButtonPrevious.swift */; };
		7E3E435125CB369900B2F5AC /* Guide.swift in Sources */ = {isa = PBXBuildFile; fileRef = 7E3E434525CB369800B2F5AC /* Guide.swift */; };
		7E3E435225CB369900B2F5AC /* DrawView.swift in Sources */ = {isa = PBXBuildFile; fileRef = 7E3E434625CB369800B2F5AC /* DrawView.swift */; };
		7E3E435325CB369900B2F5AC /* DrawingArea.swift in Sources */ = {isa = PBXBuildFile; fileRef = 7E3E434725CB369800B2F5AC /* DrawingArea.swift */; };
		7E3E435425CB369900B2F5AC /* TitleDraw.swift in Sources */ = {isa = PBXBuildFile; fileRef = 7E3E434825CB369900B2F5AC /* TitleDraw.swift */; };
		7E3E435B25CB36F900B2F5AC /* LessonRow.swift in Sources */ = {isa = PBXBuildFile; fileRef = 7E3E435925CB36F900B2F5AC /* LessonRow.swift */; };
		7E3E435C25CB36F900B2F5AC /* LessonsView.swift in Sources */ = {isa = PBXBuildFile; fileRef = 7E3E435A25CB36F900B2F5AC /* LessonsView.swift */; };
		7E3E436525CB38AC00B2F5AC /* LessonInfoList.swift in Sources */ = {isa = PBXBuildFile; fileRef = 7E3E436125CB38AC00B2F5AC /* LessonInfoList.swift */; };
		7E3E436625CB38AC00B2F5AC /* LessonInfoText.swift in Sources */ = {isa = PBXBuildFile; fileRef = 7E3E436225CB38AC00B2F5AC /* LessonInfoText.swift */; };
		7E3E436725CB38AC00B2F5AC /* LessonInfoView.swift in Sources */ = {isa = PBXBuildFile; fileRef = 7E3E436325CB38AC00B2F5AC /* LessonInfoView.swift */; };
		7E3E436825CB38AC00B2F5AC /* ContinueNavLink.swift in Sources */ = {isa = PBXBuildFile; fileRef = 7E3E436425CB38AC00B2F5AC /* ContinueNavLink.swift */; };
		7E3E436F25CB393600B2F5AC /* TestReading.swift in Sources */ = {isa = PBXBuildFile; fileRef = 7E3E436D25CB393600B2F5AC /* TestReading.swift */; };
		7E3E437025CB393600B2F5AC /* LessonMemoReading.swift in Sources */ = {isa = PBXBuildFile; fileRef = 7E3E436E25CB393600B2F5AC /* LessonMemoReading.swift */; };
		7E3E437625CB420400B2F5AC /* LessonMemoWriting.swift in Sources */ = {isa = PBXBuildFile; fileRef = 7E3E437525CB420400B2F5AC /* LessonMemoWriting.swift */; };
		7E3E437F25CB42DF00B2F5AC /* LessonHeader.swift in Sources */ = {isa = PBXBuildFile; fileRef = 7E3E437B25CB42DF00B2F5AC /* LessonHeader.swift */; };
		7E3E438225CB42DF00B2F5AC /* MemoCard.swift in Sources */ = {isa = PBXBuildFile; fileRef = 7E3E437E25CB42DF00B2F5AC /* MemoCard.swift */; };
		7E3E438E25CB435F00B2F5AC /* StatisticsView.swift in Sources */ = {isa = PBXBuildFile; fileRef = 7E3E438D25CB435F00B2F5AC /* StatisticsView.swift */; };
		7E3E439925CB446100B2F5AC /* Kana.swift in Sources */ = {isa = PBXBuildFile; fileRef = 7E3E439325CB446000B2F5AC /* Kana.swift */; };
		7E3E439A25CB446100B2F5AC /* Lesson.swift in Sources */ = {isa = PBXBuildFile; fileRef = 7E3E439425CB446000B2F5AC /* Lesson.swift */; };
		7E3E439B25CB446100B2F5AC /* ModelData.swift in Sources */ = {isa = PBXBuildFile; fileRef = 7E3E439525CB446000B2F5AC /* ModelData.swift */; };
		7E3E439C25CB446100B2F5AC /* LessonForList.swift in Sources */ = {isa = PBXBuildFile; fileRef = 7E3E439625CB446000B2F5AC /* LessonForList.swift */; };
		7E3E439D25CB446100B2F5AC /* Test.swift in Sources */ = {isa = PBXBuildFile; fileRef = 7E3E439725CB446100B2F5AC /* Test.swift */; };
		7E3E439E25CB446100B2F5AC /* KanaForList.swift in Sources */ = {isa = PBXBuildFile; fileRef = 7E3E439825CB446100B2F5AC /* KanaForList.swift */; };
		7E3E43AD25CB44CF00B2F5AC /* Correct Beep.mp3 in Resources */ = {isa = PBXBuildFile; fileRef = 7E3E43A525CB44CE00B2F5AC /* Correct Beep.mp3 */; };
		7E3E43AE25CB44CF00B2F5AC /* Wrong Beep.mp3 in Resources */ = {isa = PBXBuildFile; fileRef = 7E3E43A625CB44CE00B2F5AC /* Wrong Beep.mp3 */; };
		7E3E43AF25CB44CF00B2F5AC /* YuMincho.ttc in Resources */ = {isa = PBXBuildFile; fileRef = 7E3E43A725CB44CF00B2F5AC /* YuMincho.ttc */; };
		7E3F061A25F7E12B000FE9EE /* kanaForListData.json in Resources */ = {isa = PBXBuildFile; fileRef = 7E3F061925F7E12B000FE9EE /* kanaForListData.json */; };
		7E3F061F25F7E15E000FE9EE /* kanaData.json in Resources */ = {isa = PBXBuildFile; fileRef = 7E3F061E25F7E15D000FE9EE /* kanaData.json */; };
		7E3F062625F7E17F000FE9EE /* lessonData.json in Resources */ = {isa = PBXBuildFile; fileRef = 7E3F062825F7E17F000FE9EE /* lessonData.json */; };
		7E3F6A7425D6FD0600F22669 /* ImageProcessor.swift in Sources */ = {isa = PBXBuildFile; fileRef = 7E3F6A7325D6FD0600F22669 /* ImageProcessor.swift */; };
		7E3FE91E25E3FDB800AB398D /* QuizWriting.swift in Sources */ = {isa = PBXBuildFile; fileRef = 7E3FE91D25E3FDB800AB398D /* QuizWriting.swift */; };
		7E3FE92B25E3FE2E00AB398D /* QuizMCQ.swift in Sources */ = {isa = PBXBuildFile; fileRef = 7E3FE92A25E3FE2E00AB398D /* QuizMCQ.swift */; };
		7E3FE93825E3FE8700AB398D /* QuizKeyboard.swift in Sources */ = {isa = PBXBuildFile; fileRef = 7E3FE93725E3FE8700AB398D /* QuizKeyboard.swift */; };
		7E410B6225D1B56600CABEE1 /* TestWriting.swift in Sources */ = {isa = PBXBuildFile; fileRef = 7E410B6125D1B56600CABEE1 /* TestWriting.swift */; };
		7E410B7225D1B8C400CABEE1 /* TestDrawing.swift in Sources */ = {isa = PBXBuildFile; fileRef = 7E410B7125D1B8C400CABEE1 /* TestDrawing.swift */; };
		7E45E36025DAD94D009B9A16 /* Extensions.swift in Sources */ = {isa = PBXBuildFile; fileRef = 7E45E35F25DAD94D009B9A16 /* Extensions.swift */; };
		7E4AEA0025ED9F3300FDFDC6 /* Score.swift in Sources */ = {isa = PBXBuildFile; fileRef = 7E4AE9FF25ED9F3300FDFDC6 /* Score.swift */; };
		7E51761B25F28B3700FFDFF6 /* LocalNotification.swift in Sources */ = {isa = PBXBuildFile; fileRef = 7E51761A25F28B3700FFDFF6 /* LocalNotification.swift */; };
		7E51762125F28F6C00FFDFF6 /* ReminderView.swift in Sources */ = {isa = PBXBuildFile; fileRef = 7E51762025F28F6C00FFDFF6 /* ReminderView.swift */; };
		7E60021325EA899900231C40 /* MiniQuizReading.swift in Sources */ = {isa = PBXBuildFile; fileRef = 7E60021225EA899900231C40 /* MiniQuizReading.swift */; };
		7E60021825EA89B100231C40 /* MiniQuizWriting.swift in Sources */ = {isa = PBXBuildFile; fileRef = 7E60021725EA89B100231C40 /* MiniQuizWriting.swift */; };
		7E60022325EA8C0600231C40 /* MiniQuiz.swift in Sources */ = {isa = PBXBuildFile; fileRef = 7E60022225EA8C0600231C40 /* MiniQuiz.swift */; };
		7E60022925EA931800231C40 /* SuggestionsMiniQuiz.swift in Sources */ = {isa = PBXBuildFile; fileRef = 7E60022825EA931800231C40 /* SuggestionsMiniQuiz.swift */; };
		7E60022E25EA933C00231C40 /* SuggestionCellMiniQuiz.swift in Sources */ = {isa = PBXBuildFile; fileRef = 7E60022D25EA933C00231C40 /* SuggestionCellMiniQuiz.swift */; };
		7E60023A25EAB41700231C40 /* ContinueButtonMiniQuizDrawing.swift in Sources */ = {isa = PBXBuildFile; fileRef = 7E60023925EAB41700231C40 /* ContinueButtonMiniQuizDrawing.swift */; };
		7E647573261228C1005507E0 /* StoreManager.swift in Sources */ = {isa = PBXBuildFile; fileRef = 7E647572261228C1005507E0 /* StoreManager.swift */; };
		7E64757C26125731005507E0 /* SwiftKeychainWrapper in Frameworks */ = {isa = PBXBuildFile; productRef = 7E64757B26125731005507E0 /* SwiftKeychainWrapper */; };
		7E647581261257AA005507E0 /* Configuration.storekit in Resources */ = {isa = PBXBuildFile; fileRef = 7E647580261257AA005507E0 /* Configuration.storekit */; };
		7E7F642926122385007C8C70 /* StoreKit.framework in Frameworks */ = {isa = PBXBuildFile; fileRef = 7E7F642826122385007C8C70 /* StoreKit.framework */; };
		7E863A2125CC5E9E00D3570E /* SuggestionCellTest.swift in Sources */ = {isa = PBXBuildFile; fileRef = 7E863A2025CC5E9E00D3570E /* SuggestionCellTest.swift */; };
		7E89855325E16A2000C4900B /* ContinueButtonTestDrawing.swift in Sources */ = {isa = PBXBuildFile; fileRef = 7E89855225E16A2000C4900B /* ContinueButtonTestDrawing.swift */; };
		7E8BAB0825F3FCC300205949 /* QuizsView.swift in Sources */ = {isa = PBXBuildFile; fileRef = 7E8BAB0725F3FCC300205949 /* QuizsView.swift */; };
		7E978B1D25D968C7007B5A04 /* DrawingNavigationButtons.swift in Sources */ = {isa = PBXBuildFile; fileRef = 7E978B1C25D968C7007B5A04 /* DrawingNavigationButtons.swift */; };
		7E9A89A12605298A00DE8573 /* SettingsForm.swift in Sources */ = {isa = PBXBuildFile; fileRef = 7E9A89A02605298A00DE8573 /* SettingsForm.swift */; };
		7E9B2B6A25E41F1300481D71 /* Quiz.swift in Sources */ = {isa = PBXBuildFile; fileRef = 7E9B2B6925E41F1300481D71 /* Quiz.swift */; };
		7EA5EC3125D9A78F00A1FCF4 /* ContinueButtonTest.swift in Sources */ = {isa = PBXBuildFile; fileRef = 7EA5EC3025D9A78F00A1FCF4 /* ContinueButtonTest.swift */; };
		7EA5EC3F25D9A9B500A1FCF4 /* ContinueButtonQuiz.swift in Sources */ = {isa = PBXBuildFile; fileRef = 7EA5EC3E25D9A9B500A1FCF4 /* ContinueButtonQuiz.swift */; };
		7EAA3BA025EACBE100A137E8 /* ScoreView.swift in Sources */ = {isa = PBXBuildFile; fileRef = 7EAA3B9F25EACBE100A137E8 /* ScoreView.swift */; };
		7EB7667E268C8FE7003CC75B /* HiraganaRecognizer.mlmodel in Sources */ = {isa = PBXBuildFile; fileRef = 7EB7667D268C8FE7003CC75B /* HiraganaRecognizer.mlmodel */; };
		7EB76680268C8FF2003CC75B /* KatakanaRecognizer.mlmodel in Sources */ = {isa = PBXBuildFile; fileRef = 7EB7667F268C8FF2003CC75B /* KatakanaRecognizer.mlmodel */; };
		7EBD6AD425F69251005FE0F4 /* AboutView.swift in Sources */ = {isa = PBXBuildFile; fileRef = 7EBD6AD325F69251005FE0F4 /* AboutView.swift */; };
		7EBF6DC725E7F57E0077F4D2 /* TitleQuizMCQ.swift in Sources */ = {isa = PBXBuildFile; fileRef = 7EBF6DC625E7F57E0077F4D2 /* TitleQuizMCQ.swift */; };
		7EBF6DCF25E7F5F40077F4D2 /* QuizHeader.swift in Sources */ = {isa = PBXBuildFile; fileRef = 7EBF6DCE25E7F5F40077F4D2 /* QuizHeader.swift */; };
		7EBF6DD825E7FEEB0077F4D2 /* DrawingPadQuiz.swift in Sources */ = {isa = PBXBuildFile; fileRef = 7EBF6DD725E7FEEB0077F4D2 /* DrawingPadQuiz.swift */; };
		7EBF6DE025E7FF200077F4D2 /* DrawingButtonQuiz.swift in Sources */ = {isa = PBXBuildFile; fileRef = 7EBF6DDF25E7FF200077F4D2 /* DrawingButtonQuiz.swift */; };
		7EBF6DE525E7FF430077F4D2 /* ContinueButtonQuizDrawing.swift in Sources */ = {isa = PBXBuildFile; fileRef = 7EBF6DE425E7FF430077F4D2 /* ContinueButtonQuizDrawing.swift */; };
		7EC7085525F6625F00013F38 /* Localizable.strings in Resources */ = {isa = PBXBuildFile; fileRef = 7EC7085725F6625F00013F38 /* Localizable.strings */; };
		7ECFBBCD2608ED4D003EC368 /* LessonsNavigationView.swift in Sources */ = {isa = PBXBuildFile; fileRef = 7ECFBBCC2608ED4D003EC368 /* LessonsNavigationView.swift */; };
		7ECFBBD22608EFF7003EC368 /* LessonInfo.swift in Sources */ = {isa = PBXBuildFile; fileRef = 7ECFBBD12608EFF7003EC368 /* LessonInfo.swift */; };
		7ECFBBD72608F44D003EC368 /* ContinueText.swift in Sources */ = {isa = PBXBuildFile; fileRef = 7ECFBBD62608F44D003EC368 /* ContinueText.swift */; };
		7ECFBBDC2608FEA7003EC368 /* BodyTestReading.swift in Sources */ = {isa = PBXBuildFile; fileRef = 7ECFBBDB2608FEA7003EC368 /* BodyTestReading.swift */; };
		7ECFBBE426090361003EC368 /* BodyMiniQuizReading.swift in Sources */ = {isa = PBXBuildFile; fileRef = 7ECFBBE326090361003EC368 /* BodyMiniQuizReading.swift */; };
		7ED04E3725D96F3200686D48 /* HomeButtons.swift in Sources */ = {isa = PBXBuildFile; fileRef = 7ED04E3625D96F3200686D48 /* HomeButtons.swift */; };
		7EED307E25F92D3D00B2C5F1 /* HomeButtonAbout.swift in Sources */ = {isa = PBXBuildFile; fileRef = 7EED307D25F92D3D00B2C5F1 /* HomeButtonAbout.swift */; };
		7EED308325F92D7B00B2C5F1 /* HomeButtonIntroduction.swift in Sources */ = {isa = PBXBuildFile; fileRef = 7EED308225F92D7B00B2C5F1 /* HomeButtonIntroduction.swift */; };
		7EF09E27268C9CB300890454 /* EmptyStatisticView.swift in Sources */ = {isa = PBXBuildFile; fileRef = 7EF09E26268C9CB300890454 /* EmptyStatisticView.swift */; };
		7EF5EA5825F92FBF003D498B /* SheetHeaderSettings.swift in Sources */ = {isa = PBXBuildFile; fileRef = 7EF5EA5725F92FBF003D498B /* SheetHeaderSettings.swift */; };
		7EF5EA6025F92FDB003D498B /* SheetHeaderAbout.swift in Sources */ = {isa = PBXBuildFile; fileRef = 7EF5EA5F25F92FDB003D498B /* SheetHeaderAbout.swift */; };
		7EF5EA6B25F933BA003D498B /* SheetHeaderDraw.swift in Sources */ = {isa = PBXBuildFile; fileRef = 7EF5EA6A25F933BA003D498B /* SheetHeaderDraw.swift */; };
		7EF5EA7025F93B2A003D498B /* NavigationButtonNext.swift in Sources */ = {isa = PBXBuildFile; fileRef = 7EF5EA6F25F93B2A003D498B /* NavigationButtonNext.swift */; };
		7EF5EA8125F9481E003D498B /* TitleTestReading.swift in Sources */ = {isa = PBXBuildFile; fileRef = 7EF5EA8025F9481E003D498B /* TitleTestReading.swift */; };
		7EF5EA9825F949D3003D498B /* TitleLessonWriting.swift in Sources */ = {isa = PBXBuildFile; fileRef = 7EF5EA9725F949D3003D498B /* TitleLessonWriting.swift */; };
		7EF5EA9D25F94A5F003D498B /* TitleTestWriting.swift in Sources */ = {isa = PBXBuildFile; fileRef = 7EF5EA9C25F94A5F003D498B /* TitleTestWriting.swift */; };
		7EF5EAA525F94BBA003D498B /* TitleMiniQuizWriting.swift in Sources */ = {isa = PBXBuildFile; fileRef = 7EF5EAA425F94BBA003D498B /* TitleMiniQuizWriting.swift */; };
		7EF5EAAD25F9548D003D498B /* TitleQuizKeyboard.swift in Sources */ = {isa = PBXBuildFile; fileRef = 7EF5EAAC25F9548D003D498B /* TitleQuizKeyboard.swift */; };
		7EF5EAB225F954DD003D498B /* TitleQuizWriting.swift in Sources */ = {isa = PBXBuildFile; fileRef = 7EF5EAB125F954DD003D498B /* TitleQuizWriting.swift */; };
		7EF8307E25EE985500874432 /* ContinueButtonScore.swift in Sources */ = {isa = PBXBuildFile; fileRef = 7EF8307D25EE985500874432 /* ContinueButtonScore.swift */; };
		7EF9804125D9796300634116 /* DetailButtons.swift in Sources */ = {isa = PBXBuildFile; fileRef = 7EF9804025D9796300634116 /* DetailButtons.swift */; };
/* End PBXBuildFile section */

/* Begin PBXContainerItemProxy section */
		7E3E426525CB2C7D00B2F5AC /* PBXContainerItemProxy */ = {
			isa = PBXContainerItemProxy;
			containerPortal = 7E3E424625CB2C7C00B2F5AC /* Project object */;
			proxyType = 1;
			remoteGlobalIDString = 7E3E424D25CB2C7C00B2F5AC;
			remoteInfo = KanaTorii;
		};
		7E3E427025CB2C7D00B2F5AC /* PBXContainerItemProxy */ = {
			isa = PBXContainerItemProxy;
			containerPortal = 7E3E424625CB2C7C00B2F5AC /* Project object */;
			proxyType = 1;
			remoteGlobalIDString = 7E3E424D25CB2C7C00B2F5AC;
			remoteInfo = KanaTorii;
		};
/* End PBXContainerItemProxy section */

/* Begin PBXFileReference section */
		7E090BA625D1C12700FF35F4 /* GuideTest.swift */ = {isa = PBXFileReference; lastKnownFileType = sourcecode.swift; path = GuideTest.swift; sourceTree = "<group>"; };
		7E0954A825D9A5BF00A58AFF /* TitleLessonReading.swift */ = {isa = PBXFileReference; lastKnownFileType = sourcecode.swift; path = TitleLessonReading.swift; sourceTree = "<group>"; };
		7E0954AD25D9A63F00A58AFF /* SoundButton.swift */ = {isa = PBXFileReference; lastKnownFileType = sourcecode.swift; path = SoundButton.swift; sourceTree = "<group>"; };
		7E125B5A263C4EBA0074043F /* QuizsViewIpad.swift */ = {isa = PBXFileReference; lastKnownFileType = sourcecode.swift; path = QuizsViewIpad.swift; sourceTree = "<group>"; };
		7E125B5C263C4F150074043F /* QuizsViewIphone.swift */ = {isa = PBXFileReference; lastKnownFileType = sourcecode.swift; path = QuizsViewIphone.swift; sourceTree = "<group>"; };
		7E1878A425D95742001DEA8E /* DrawingPad.swift */ = {isa = PBXFileReference; lastKnownFileType = sourcecode.swift; path = DrawingPad.swift; sourceTree = "<group>"; };
		7E1878B625D964FF001DEA8E /* DrawingButtons.swift */ = {isa = PBXFileReference; lastKnownFileType = sourcecode.swift; path = DrawingButtons.swift; sourceTree = "<group>"; };
		7E1DB4AE26541B4600FC3BC4 /* Launch Screen.storyboard */ = {isa = PBXFileReference; lastKnownFileType = file.storyboard; path = "Launch Screen.storyboard"; sourceTree = "<group>"; };
		7E21A34C25E049A80073A3EF /* SuggestionsTest.swift */ = {isa = PBXFileReference; lastKnownFileType = sourcecode.swift; path = SuggestionsTest.swift; sourceTree = "<group>"; };
		7E21A35725E04D940073A3EF /* DrawingButtonsTest.swift */ = {isa = PBXFileReference; lastKnownFileType = sourcecode.swift; path = DrawingButtonsTest.swift; sourceTree = "<group>"; };
		7E232E6A260A5A0F0004B29F /* BodyQuizKeyboard.swift */ = {isa = PBXFileReference; lastKnownFileType = sourcecode.swift; path = BodyQuizKeyboard.swift; sourceTree = "<group>"; };
		7E232E6F260A68860004B29F /* BodyQuizWriting.swift */ = {isa = PBXFileReference; lastKnownFileType = sourcecode.swift; path = BodyQuizWriting.swift; sourceTree = "<group>"; };
		7E232E74260A6E4C0004B29F /* StatRow.swift */ = {isa = PBXFileReference; lastKnownFileType = sourcecode.swift; path = StatRow.swift; sourceTree = "<group>"; };
		7E23B86D25D9A0E80010EAF6 /* DrawingPadTest.swift */ = {isa = PBXFileReference; lastKnownFileType = sourcecode.swift; path = DrawingPadTest.swift; sourceTree = "<group>"; };
		7E25672825FBBDDD005B71A8 /* en */ = {isa = PBXFileReference; lastKnownFileType = text.json; name = en; path = en.lproj/weekdays.json; sourceTree = "<group>"; };
		7E25672D25FBBDE1005B71A8 /* fr */ = {isa = PBXFileReference; lastKnownFileType = text.json; name = fr; path = fr.lproj/weekdays.json; sourceTree = "<group>"; };
		7E25672E25FBBE5C005B71A8 /* Weekday.swift */ = {isa = PBXFileReference; lastKnownFileType = sourcecode.swift; path = Weekday.swift; sourceTree = "<group>"; };
		7E335B3225E6BE45004EC2C9 /* SuggestionsQuiz.swift */ = {isa = PBXFileReference; lastKnownFileType = sourcecode.swift; path = SuggestionsQuiz.swift; sourceTree = "<group>"; };
		7E335B3A25E6BE55004EC2C9 /* SuggestionCellQuiz.swift */ = {isa = PBXFileReference; lastKnownFileType = sourcecode.swift; path = SuggestionCellQuiz.swift; sourceTree = "<group>"; };
		7E3E424E25CB2C7C00B2F5AC /* KanaTorii.app */ = {isa = PBXFileReference; explicitFileType = wrapper.application; includeInIndex = 0; path = KanaTorii.app; sourceTree = BUILT_PRODUCTS_DIR; };
		7E3E425525CB2C7C00B2F5AC /* Assets.xcassets */ = {isa = PBXFileReference; lastKnownFileType = folder.assetcatalog; path = Assets.xcassets; sourceTree = "<group>"; };
		7E3E425825CB2C7C00B2F5AC /* Preview Assets.xcassets */ = {isa = PBXFileReference; lastKnownFileType = folder.assetcatalog; path = "Preview Assets.xcassets"; sourceTree = "<group>"; };
		7E3E425A25CB2C7C00B2F5AC /* Persistence.swift */ = {isa = PBXFileReference; lastKnownFileType = sourcecode.swift; path = Persistence.swift; sourceTree = "<group>"; };
		7E3E425D25CB2C7C00B2F5AC /* KanaTorii.xcdatamodel */ = {isa = PBXFileReference; lastKnownFileType = wrapper.xcdatamodel; path = KanaTorii.xcdatamodel; sourceTree = "<group>"; };
		7E3E425F25CB2C7C00B2F5AC /* Info.plist */ = {isa = PBXFileReference; lastKnownFileType = text.plist.xml; path = Info.plist; sourceTree = "<group>"; };
		7E3E426425CB2C7D00B2F5AC /* KanaToriiTests.xctest */ = {isa = PBXFileReference; explicitFileType = wrapper.cfbundle; includeInIndex = 0; path = KanaToriiTests.xctest; sourceTree = BUILT_PRODUCTS_DIR; };
		7E3E426825CB2C7D00B2F5AC /* KanaToriiTests.swift */ = {isa = PBXFileReference; lastKnownFileType = sourcecode.swift; path = KanaToriiTests.swift; sourceTree = "<group>"; };
		7E3E426A25CB2C7D00B2F5AC /* Info.plist */ = {isa = PBXFileReference; lastKnownFileType = text.plist.xml; path = Info.plist; sourceTree = "<group>"; };
		7E3E426F25CB2C7D00B2F5AC /* KanaToriiUITests.xctest */ = {isa = PBXFileReference; explicitFileType = wrapper.cfbundle; includeInIndex = 0; path = KanaToriiUITests.xctest; sourceTree = BUILT_PRODUCTS_DIR; };
		7E3E427325CB2C7D00B2F5AC /* KanaToriiUITests.swift */ = {isa = PBXFileReference; lastKnownFileType = sourcecode.swift; path = KanaToriiUITests.swift; sourceTree = "<group>"; };
		7E3E427525CB2C7D00B2F5AC /* Info.plist */ = {isa = PBXFileReference; lastKnownFileType = text.plist.xml; path = Info.plist; sourceTree = "<group>"; };
		7E3E42DB25CB341400B2F5AC /* KanaToriiApp.swift */ = {isa = PBXFileReference; fileEncoding = 4; lastKnownFileType = sourcecode.swift; path = KanaToriiApp.swift; sourceTree = "<group>"; };
		7E3E42E125CB343300B2F5AC /* ContentView.swift */ = {isa = PBXFileReference; fileEncoding = 4; lastKnownFileType = sourcecode.swift; path = ContentView.swift; sourceTree = "<group>"; };
		7E3E42E625CB345A00B2F5AC /* HomeJapaneseTitle.swift */ = {isa = PBXFileReference; fileEncoding = 4; lastKnownFileType = sourcecode.swift; path = HomeJapaneseTitle.swift; sourceTree = "<group>"; };
		7E3E42E825CB345A00B2F5AC /* HomeBackground.swift */ = {isa = PBXFileReference; fileEncoding = 4; lastKnownFileType = sourcecode.swift; path = HomeBackground.swift; sourceTree = "<group>"; };
		7E3E42E925CB345A00B2F5AC /* ActivityView.swift */ = {isa = PBXFileReference; fileEncoding = 4; lastKnownFileType = sourcecode.swift; path = ActivityView.swift; sourceTree = "<group>"; };
		7E3E42EA25CB345A00B2F5AC /* ButtonShare.swift */ = {isa = PBXFileReference; fileEncoding = 4; lastKnownFileType = sourcecode.swift; path = ButtonShare.swift; sourceTree = "<group>"; };
		7E3E42EB25CB345A00B2F5AC /* HomeTitle.swift */ = {isa = PBXFileReference; fileEncoding = 4; lastKnownFileType = sourcecode.swift; path = HomeTitle.swift; sourceTree = "<group>"; };
		7E3E42EC25CB345A00B2F5AC /* SubtitleHome.swift */ = {isa = PBXFileReference; fileEncoding = 4; lastKnownFileType = sourcecode.swift; path = SubtitleHome.swift; sourceTree = "<group>"; };
		7E3E42ED25CB345A00B2F5AC /* HomeView.swift */ = {isa = PBXFileReference; fileEncoding = 4; lastKnownFileType = sourcecode.swift; path = HomeView.swift; sourceTree = "<group>"; };
		7E3E42EE25CB345A00B2F5AC /* ButtonSettings.swift */ = {isa = PBXFileReference; fileEncoding = 4; lastKnownFileType = sourcecode.swift; path = ButtonSettings.swift; sourceTree = "<group>"; };
		7E3E42FD25CB352F00B2F5AC /* SettingsView.swift */ = {isa = PBXFileReference; fileEncoding = 4; lastKnownFileType = sourcecode.swift; path = SettingsView.swift; sourceTree = "<group>"; };
		7E3E42FE25CB352F00B2F5AC /* IntroductionView.swift */ = {isa = PBXFileReference; fileEncoding = 4; lastKnownFileType = sourcecode.swift; path = IntroductionView.swift; sourceTree = "<group>"; };
		7E3E430025CB353000B2F5AC /* SheetHeaderIntroduction.swift */ = {isa = PBXFileReference; fileEncoding = 4; lastKnownFileType = sourcecode.swift; path = SheetHeaderIntroduction.swift; sourceTree = "<group>"; };
		7E3E430925CB358200B2F5AC /* GreenSegmentedControl.swift */ = {isa = PBXFileReference; fileEncoding = 4; lastKnownFileType = sourcecode.swift; path = GreenSegmentedControl.swift; sourceTree = "<group>"; };
		7E3E430A25CB358200B2F5AC /* ListsView.swift */ = {isa = PBXFileReference; fileEncoding = 4; lastKnownFileType = sourcecode.swift; path = ListsView.swift; sourceTree = "<group>"; };
		7E3E431125CB35B700B2F5AC /* Grid.swift */ = {isa = PBXFileReference; fileEncoding = 4; lastKnownFileType = sourcecode.swift; path = Grid.swift; sourceTree = "<group>"; };
		7E3E431225CB35B700B2F5AC /* YoonGrid.swift */ = {isa = PBXFileReference; fileEncoding = 4; lastKnownFileType = sourcecode.swift; path = YoonGrid.swift; sourceTree = "<group>"; };
		7E3E431325CB35B700B2F5AC /* CustomSection.swift */ = {isa = PBXFileReference; fileEncoding = 4; lastKnownFileType = sourcecode.swift; path = CustomSection.swift; sourceTree = "<group>"; };
		7E3E431425CB35B800B2F5AC /* DakuonHandakuonGrid.swift */ = {isa = PBXFileReference; fileEncoding = 4; lastKnownFileType = sourcecode.swift; path = DakuonHandakuonGrid.swift; sourceTree = "<group>"; };
		7E3E431525CB35B800B2F5AC /* GojuonGrid.swift */ = {isa = PBXFileReference; fileEncoding = 4; lastKnownFileType = sourcecode.swift; path = GojuonGrid.swift; sourceTree = "<group>"; };
		7E3E431625CB35B800B2F5AC /* KanaCell.swift */ = {isa = PBXFileReference; fileEncoding = 4; lastKnownFileType = sourcecode.swift; path = KanaCell.swift; sourceTree = "<group>"; };
		7E3E432125CB361C00B2F5AC /* ChevronButton.swift */ = {isa = PBXFileReference; fileEncoding = 4; lastKnownFileType = sourcecode.swift; path = ChevronButton.swift; sourceTree = "<group>"; };
		7E3E432225CB361C00B2F5AC /* DetailsView.swift */ = {isa = PBXFileReference; fileEncoding = 4; lastKnownFileType = sourcecode.swift; path = DetailsView.swift; sourceTree = "<group>"; };
		7E3E432325CB361D00B2F5AC /* PageControl.swift */ = {isa = PBXFileReference; fileEncoding = 4; lastKnownFileType = sourcecode.swift; path = PageControl.swift; sourceTree = "<group>"; };
		7E3E432425CB361D00B2F5AC /* Chevron.swift */ = {isa = PBXFileReference; fileEncoding = 4; lastKnownFileType = sourcecode.swift; path = Chevron.swift; sourceTree = "<group>"; };
		7E3E432525CB361D00B2F5AC /* PageViewController.swift */ = {isa = PBXFileReference; fileEncoding = 4; lastKnownFileType = sourcecode.swift; path = PageViewController.swift; sourceTree = "<group>"; };
		7E3E432F25CB366400B2F5AC /* LinesImagesSection.swift */ = {isa = PBXFileReference; fileEncoding = 4; lastKnownFileType = sourcecode.swift; path = LinesImagesSection.swift; sourceTree = "<group>"; };
		7E3E433025CB366400B2F5AC /* StatisticsSection.swift */ = {isa = PBXFileReference; fileEncoding = 4; lastKnownFileType = sourcecode.swift; path = StatisticsSection.swift; sourceTree = "<group>"; };
		7E3E433125CB366400B2F5AC /* FlashCard.swift */ = {isa = PBXFileReference; fileEncoding = 4; lastKnownFileType = sourcecode.swift; path = FlashCard.swift; sourceTree = "<group>"; };
		7E3E433325CB366400B2F5AC /* DetailPage.swift */ = {isa = PBXFileReference; fileEncoding = 4; lastKnownFileType = sourcecode.swift; path = DetailPage.swift; sourceTree = "<group>"; };
		7E3E433D25CB369800B2F5AC /* InversedLabel.swift */ = {isa = PBXFileReference; fileEncoding = 4; lastKnownFileType = sourcecode.swift; path = InversedLabel.swift; sourceTree = "<group>"; };
		7E3E433E25CB369800B2F5AC /* DrawingGrid.swift */ = {isa = PBXFileReference; fileEncoding = 4; lastKnownFileType = sourcecode.swift; path = DrawingGrid.swift; sourceTree = "<group>"; };
		7E3E434025CB369800B2F5AC /* HorizontalDottedLine.swift */ = {isa = PBXFileReference; fileEncoding = 4; lastKnownFileType = sourcecode.swift; path = HorizontalDottedLine.swift; sourceTree = "<group>"; };
		7E3E434125CB369800B2F5AC /* ShowGuideButtonLabel.swift */ = {isa = PBXFileReference; fileEncoding = 4; lastKnownFileType = sourcecode.swift; path = ShowGuideButtonLabel.swift; sourceTree = "<group>"; };
		7E3E434225CB369800B2F5AC /* DeleteButtonLabel.swift */ = {isa = PBXFileReference; fileEncoding = 4; lastKnownFileType = sourcecode.swift; path = DeleteButtonLabel.swift; sourceTree = "<group>"; };
		7E3E434325CB369800B2F5AC /* VerticalDottedLine.swift */ = {isa = PBXFileReference; fileEncoding = 4; lastKnownFileType = sourcecode.swift; path = VerticalDottedLine.swift; sourceTree = "<group>"; };
		7E3E434425CB369800B2F5AC /* NavigationButtonPrevious.swift */ = {isa = PBXFileReference; fileEncoding = 4; lastKnownFileType = sourcecode.swift; path = NavigationButtonPrevious.swift; sourceTree = "<group>"; };
		7E3E434525CB369800B2F5AC /* Guide.swift */ = {isa = PBXFileReference; fileEncoding = 4; lastKnownFileType = sourcecode.swift; path = Guide.swift; sourceTree = "<group>"; };
		7E3E434625CB369800B2F5AC /* DrawView.swift */ = {isa = PBXFileReference; fileEncoding = 4; lastKnownFileType = sourcecode.swift; path = DrawView.swift; sourceTree = "<group>"; };
		7E3E434725CB369800B2F5AC /* DrawingArea.swift */ = {isa = PBXFileReference; fileEncoding = 4; lastKnownFileType = sourcecode.swift; path = DrawingArea.swift; sourceTree = "<group>"; };
		7E3E434825CB369900B2F5AC /* TitleDraw.swift */ = {isa = PBXFileReference; fileEncoding = 4; lastKnownFileType = sourcecode.swift; path = TitleDraw.swift; sourceTree = "<group>"; };
		7E3E435925CB36F900B2F5AC /* LessonRow.swift */ = {isa = PBXFileReference; fileEncoding = 4; lastKnownFileType = sourcecode.swift; path = LessonRow.swift; sourceTree = "<group>"; };
		7E3E435A25CB36F900B2F5AC /* LessonsView.swift */ = {isa = PBXFileReference; fileEncoding = 4; lastKnownFileType = sourcecode.swift; path = LessonsView.swift; sourceTree = "<group>"; };
		7E3E436125CB38AC00B2F5AC /* LessonInfoList.swift */ = {isa = PBXFileReference; fileEncoding = 4; lastKnownFileType = sourcecode.swift; path = LessonInfoList.swift; sourceTree = "<group>"; };
		7E3E436225CB38AC00B2F5AC /* LessonInfoText.swift */ = {isa = PBXFileReference; fileEncoding = 4; lastKnownFileType = sourcecode.swift; path = LessonInfoText.swift; sourceTree = "<group>"; };
		7E3E436325CB38AC00B2F5AC /* LessonInfoView.swift */ = {isa = PBXFileReference; fileEncoding = 4; lastKnownFileType = sourcecode.swift; path = LessonInfoView.swift; sourceTree = "<group>"; };
		7E3E436425CB38AC00B2F5AC /* ContinueNavLink.swift */ = {isa = PBXFileReference; fileEncoding = 4; lastKnownFileType = sourcecode.swift; path = ContinueNavLink.swift; sourceTree = "<group>"; };
		7E3E436D25CB393600B2F5AC /* TestReading.swift */ = {isa = PBXFileReference; fileEncoding = 4; lastKnownFileType = sourcecode.swift; path = TestReading.swift; sourceTree = "<group>"; };
		7E3E436E25CB393600B2F5AC /* LessonMemoReading.swift */ = {isa = PBXFileReference; fileEncoding = 4; lastKnownFileType = sourcecode.swift; path = LessonMemoReading.swift; sourceTree = "<group>"; };
		7E3E437525CB420400B2F5AC /* LessonMemoWriting.swift */ = {isa = PBXFileReference; fileEncoding = 4; lastKnownFileType = sourcecode.swift; path = LessonMemoWriting.swift; sourceTree = "<group>"; };
		7E3E437B25CB42DF00B2F5AC /* LessonHeader.swift */ = {isa = PBXFileReference; fileEncoding = 4; lastKnownFileType = sourcecode.swift; path = LessonHeader.swift; sourceTree = "<group>"; };
		7E3E437E25CB42DF00B2F5AC /* MemoCard.swift */ = {isa = PBXFileReference; fileEncoding = 4; lastKnownFileType = sourcecode.swift; path = MemoCard.swift; sourceTree = "<group>"; };
		7E3E438D25CB435F00B2F5AC /* StatisticsView.swift */ = {isa = PBXFileReference; fileEncoding = 4; lastKnownFileType = sourcecode.swift; path = StatisticsView.swift; sourceTree = "<group>"; };
		7E3E439325CB446000B2F5AC /* Kana.swift */ = {isa = PBXFileReference; fileEncoding = 4; lastKnownFileType = sourcecode.swift; path = Kana.swift; sourceTree = "<group>"; };
		7E3E439425CB446000B2F5AC /* Lesson.swift */ = {isa = PBXFileReference; fileEncoding = 4; lastKnownFileType = sourcecode.swift; path = Lesson.swift; sourceTree = "<group>"; };
		7E3E439525CB446000B2F5AC /* ModelData.swift */ = {isa = PBXFileReference; fileEncoding = 4; lastKnownFileType = sourcecode.swift; path = ModelData.swift; sourceTree = "<group>"; };
		7E3E439625CB446000B2F5AC /* LessonForList.swift */ = {isa = PBXFileReference; fileEncoding = 4; lastKnownFileType = sourcecode.swift; path = LessonForList.swift; sourceTree = "<group>"; };
		7E3E439725CB446100B2F5AC /* Test.swift */ = {isa = PBXFileReference; fileEncoding = 4; lastKnownFileType = sourcecode.swift; path = Test.swift; sourceTree = "<group>"; };
		7E3E439825CB446100B2F5AC /* KanaForList.swift */ = {isa = PBXFileReference; fileEncoding = 4; lastKnownFileType = sourcecode.swift; path = KanaForList.swift; sourceTree = "<group>"; };
		7E3E43A525CB44CE00B2F5AC /* Correct Beep.mp3 */ = {isa = PBXFileReference; lastKnownFileType = audio.mp3; path = "Correct Beep.mp3"; sourceTree = "<group>"; };
		7E3E43A625CB44CE00B2F5AC /* Wrong Beep.mp3 */ = {isa = PBXFileReference; lastKnownFileType = audio.mp3; path = "Wrong Beep.mp3"; sourceTree = "<group>"; };
		7E3E43A725CB44CF00B2F5AC /* YuMincho.ttc */ = {isa = PBXFileReference; lastKnownFileType = file; path = YuMincho.ttc; sourceTree = "<group>"; };
		7E3F061925F7E12B000FE9EE /* kanaForListData.json */ = {isa = PBXFileReference; fileEncoding = 4; lastKnownFileType = text.json; path = kanaForListData.json; sourceTree = "<group>"; };
		7E3F061E25F7E15D000FE9EE /* kanaData.json */ = {isa = PBXFileReference; fileEncoding = 4; lastKnownFileType = text.json; path = kanaData.json; sourceTree = "<group>"; };
		7E3F062725F7E17F000FE9EE /* en */ = {isa = PBXFileReference; lastKnownFileType = text.json; name = en; path = en.lproj/lessonData.json; sourceTree = "<group>"; };
		7E3F062C25F7E182000FE9EE /* fr */ = {isa = PBXFileReference; lastKnownFileType = text.json; name = fr; path = fr.lproj/lessonData.json; sourceTree = "<group>"; };
		7E3F6A7325D6FD0600F22669 /* ImageProcessor.swift */ = {isa = PBXFileReference; lastKnownFileType = sourcecode.swift; path = ImageProcessor.swift; sourceTree = "<group>"; };
		7E3FE91D25E3FDB800AB398D /* QuizWriting.swift */ = {isa = PBXFileReference; lastKnownFileType = sourcecode.swift; path = QuizWriting.swift; sourceTree = "<group>"; };
		7E3FE92A25E3FE2E00AB398D /* QuizMCQ.swift */ = {isa = PBXFileReference; lastKnownFileType = sourcecode.swift; path = QuizMCQ.swift; sourceTree = "<group>"; };
		7E3FE93725E3FE8700AB398D /* QuizKeyboard.swift */ = {isa = PBXFileReference; lastKnownFileType = sourcecode.swift; path = QuizKeyboard.swift; sourceTree = "<group>"; };
		7E410B6125D1B56600CABEE1 /* TestWriting.swift */ = {isa = PBXFileReference; lastKnownFileType = sourcecode.swift; path = TestWriting.swift; sourceTree = "<group>"; };
		7E410B7125D1B8C400CABEE1 /* TestDrawing.swift */ = {isa = PBXFileReference; lastKnownFileType = sourcecode.swift; path = TestDrawing.swift; sourceTree = "<group>"; };
		7E45E35F25DAD94D009B9A16 /* Extensions.swift */ = {isa = PBXFileReference; lastKnownFileType = sourcecode.swift; path = Extensions.swift; sourceTree = "<group>"; };
		7E4AE9FF25ED9F3300FDFDC6 /* Score.swift */ = {isa = PBXFileReference; lastKnownFileType = sourcecode.swift; path = Score.swift; sourceTree = "<group>"; };
		7E51761625F28A1700FFDFF6 /* KanaTorii.entitlements */ = {isa = PBXFileReference; lastKnownFileType = text.plist.entitlements; path = KanaTorii.entitlements; sourceTree = "<group>"; };
		7E51761A25F28B3700FFDFF6 /* LocalNotification.swift */ = {isa = PBXFileReference; lastKnownFileType = sourcecode.swift; path = LocalNotification.swift; sourceTree = "<group>"; };
		7E51762025F28F6C00FFDFF6 /* ReminderView.swift */ = {isa = PBXFileReference; lastKnownFileType = sourcecode.swift; path = ReminderView.swift; sourceTree = "<group>"; };
		7E60021225EA899900231C40 /* MiniQuizReading.swift */ = {isa = PBXFileReference; lastKnownFileType = sourcecode.swift; path = MiniQuizReading.swift; sourceTree = "<group>"; };
		7E60021725EA89B100231C40 /* MiniQuizWriting.swift */ = {isa = PBXFileReference; lastKnownFileType = sourcecode.swift; path = MiniQuizWriting.swift; sourceTree = "<group>"; };
		7E60022225EA8C0600231C40 /* MiniQuiz.swift */ = {isa = PBXFileReference; lastKnownFileType = sourcecode.swift; path = MiniQuiz.swift; sourceTree = "<group>"; };
		7E60022825EA931800231C40 /* SuggestionsMiniQuiz.swift */ = {isa = PBXFileReference; lastKnownFileType = sourcecode.swift; path = SuggestionsMiniQuiz.swift; sourceTree = "<group>"; };
		7E60022D25EA933C00231C40 /* SuggestionCellMiniQuiz.swift */ = {isa = PBXFileReference; lastKnownFileType = sourcecode.swift; path = SuggestionCellMiniQuiz.swift; sourceTree = "<group>"; };
		7E60023925EAB41700231C40 /* ContinueButtonMiniQuizDrawing.swift */ = {isa = PBXFileReference; lastKnownFileType = sourcecode.swift; path = ContinueButtonMiniQuizDrawing.swift; sourceTree = "<group>"; };
		7E647572261228C1005507E0 /* StoreManager.swift */ = {isa = PBXFileReference; lastKnownFileType = sourcecode.swift; path = StoreManager.swift; sourceTree = "<group>"; };
		7E647580261257AA005507E0 /* Configuration.storekit */ = {isa = PBXFileReference; lastKnownFileType = text; path = Configuration.storekit; sourceTree = "<group>"; };
		7E7F642826122385007C8C70 /* StoreKit.framework */ = {isa = PBXFileReference; lastKnownFileType = wrapper.framework; name = StoreKit.framework; path = System/Library/Frameworks/StoreKit.framework; sourceTree = SDKROOT; };
		7E863A2025CC5E9E00D3570E /* SuggestionCellTest.swift */ = {isa = PBXFileReference; lastKnownFileType = sourcecode.swift; path = SuggestionCellTest.swift; sourceTree = "<group>"; };
		7E89855225E16A2000C4900B /* ContinueButtonTestDrawing.swift */ = {isa = PBXFileReference; lastKnownFileType = sourcecode.swift; path = ContinueButtonTestDrawing.swift; sourceTree = "<group>"; };
		7E8BAB0725F3FCC300205949 /* QuizsView.swift */ = {isa = PBXFileReference; lastKnownFileType = sourcecode.swift; path = QuizsView.swift; sourceTree = "<group>"; };
		7E978B1C25D968C7007B5A04 /* DrawingNavigationButtons.swift */ = {isa = PBXFileReference; lastKnownFileType = sourcecode.swift; path = DrawingNavigationButtons.swift; sourceTree = "<group>"; };
		7E9A89A02605298A00DE8573 /* SettingsForm.swift */ = {isa = PBXFileReference; lastKnownFileType = sourcecode.swift; path = SettingsForm.swift; sourceTree = "<group>"; };
		7E9B2B6925E41F1300481D71 /* Quiz.swift */ = {isa = PBXFileReference; lastKnownFileType = sourcecode.swift; path = Quiz.swift; sourceTree = "<group>"; };
		7EA5EC3025D9A78F00A1FCF4 /* ContinueButtonTest.swift */ = {isa = PBXFileReference; lastKnownFileType = sourcecode.swift; path = ContinueButtonTest.swift; sourceTree = "<group>"; };
		7EA5EC3E25D9A9B500A1FCF4 /* ContinueButtonQuiz.swift */ = {isa = PBXFileReference; lastKnownFileType = sourcecode.swift; path = ContinueButtonQuiz.swift; sourceTree = "<group>"; };
		7EAA3B9F25EACBE100A137E8 /* ScoreView.swift */ = {isa = PBXFileReference; lastKnownFileType = sourcecode.swift; path = ScoreView.swift; sourceTree = "<group>"; };
		7EB7667D268C8FE7003CC75B /* HiraganaRecognizer.mlmodel */ = {isa = PBXFileReference; lastKnownFileType = file.mlmodel; name = HiraganaRecognizer.mlmodel; path = "../../../../Documents/dossier kana torii/model ML/hiragana/HiraganaRecognizer.mlmodel"; sourceTree = "<group>"; };
		7EB7667F268C8FF2003CC75B /* KatakanaRecognizer.mlmodel */ = {isa = PBXFileReference; lastKnownFileType = file.mlmodel; name = KatakanaRecognizer.mlmodel; path = "../../../../Documents/dossier kana torii/model ML/katakana/KatakanaRecognizer.mlmodel"; sourceTree = "<group>"; };
		7EBD6AD325F69251005FE0F4 /* AboutView.swift */ = {isa = PBXFileReference; lastKnownFileType = sourcecode.swift; path = AboutView.swift; sourceTree = "<group>"; };
		7EBF6DC625E7F57E0077F4D2 /* TitleQuizMCQ.swift */ = {isa = PBXFileReference; lastKnownFileType = sourcecode.swift; path = TitleQuizMCQ.swift; sourceTree = "<group>"; };
		7EBF6DCE25E7F5F40077F4D2 /* QuizHeader.swift */ = {isa = PBXFileReference; lastKnownFileType = sourcecode.swift; path = QuizHeader.swift; sourceTree = "<group>"; };
		7EBF6DD725E7FEEB0077F4D2 /* DrawingPadQuiz.swift */ = {isa = PBXFileReference; lastKnownFileType = sourcecode.swift; path = DrawingPadQuiz.swift; sourceTree = "<group>"; };
		7EBF6DDF25E7FF200077F4D2 /* DrawingButtonQuiz.swift */ = {isa = PBXFileReference; lastKnownFileType = sourcecode.swift; path = DrawingButtonQuiz.swift; sourceTree = "<group>"; };
		7EBF6DE425E7FF430077F4D2 /* ContinueButtonQuizDrawing.swift */ = {isa = PBXFileReference; lastKnownFileType = sourcecode.swift; path = ContinueButtonQuizDrawing.swift; sourceTree = "<group>"; };
		7EC7085625F6625F00013F38 /* en */ = {isa = PBXFileReference; lastKnownFileType = text.plist.strings; name = en; path = en.lproj/Localizable.strings; sourceTree = "<group>"; };
		7EC7085B25F6626300013F38 /* fr */ = {isa = PBXFileReference; lastKnownFileType = text.plist.strings; name = fr; path = fr.lproj/Localizable.strings; sourceTree = "<group>"; };
		7ECFBBCC2608ED4D003EC368 /* LessonsNavigationView.swift */ = {isa = PBXFileReference; lastKnownFileType = sourcecode.swift; path = LessonsNavigationView.swift; sourceTree = "<group>"; };
		7ECFBBD12608EFF7003EC368 /* LessonInfo.swift */ = {isa = PBXFileReference; lastKnownFileType = sourcecode.swift; path = LessonInfo.swift; sourceTree = "<group>"; };
		7ECFBBD62608F44D003EC368 /* ContinueText.swift */ = {isa = PBXFileReference; lastKnownFileType = sourcecode.swift; path = ContinueText.swift; sourceTree = "<group>"; };
		7ECFBBDB2608FEA7003EC368 /* BodyTestReading.swift */ = {isa = PBXFileReference; lastKnownFileType = sourcecode.swift; path = BodyTestReading.swift; sourceTree = "<group>"; };
		7ECFBBE326090361003EC368 /* BodyMiniQuizReading.swift */ = {isa = PBXFileReference; lastKnownFileType = sourcecode.swift; path = BodyMiniQuizReading.swift; sourceTree = "<group>"; };
		7ED04E3625D96F3200686D48 /* HomeButtons.swift */ = {isa = PBXFileReference; lastKnownFileType = sourcecode.swift; path = HomeButtons.swift; sourceTree = "<group>"; };
		7EED307D25F92D3D00B2C5F1 /* HomeButtonAbout.swift */ = {isa = PBXFileReference; lastKnownFileType = sourcecode.swift; path = HomeButtonAbout.swift; sourceTree = "<group>"; };
		7EED308225F92D7B00B2C5F1 /* HomeButtonIntroduction.swift */ = {isa = PBXFileReference; lastKnownFileType = sourcecode.swift; path = HomeButtonIntroduction.swift; sourceTree = "<group>"; };
		7EF09E26268C9CB300890454 /* EmptyStatisticView.swift */ = {isa = PBXFileReference; lastKnownFileType = sourcecode.swift; path = EmptyStatisticView.swift; sourceTree = "<group>"; };
		7EF5EA5725F92FBF003D498B /* SheetHeaderSettings.swift */ = {isa = PBXFileReference; lastKnownFileType = sourcecode.swift; path = SheetHeaderSettings.swift; sourceTree = "<group>"; };
		7EF5EA5F25F92FDB003D498B /* SheetHeaderAbout.swift */ = {isa = PBXFileReference; lastKnownFileType = sourcecode.swift; path = SheetHeaderAbout.swift; sourceTree = "<group>"; };
		7EF5EA6A25F933BA003D498B /* SheetHeaderDraw.swift */ = {isa = PBXFileReference; lastKnownFileType = sourcecode.swift; path = SheetHeaderDraw.swift; sourceTree = "<group>"; };
		7EF5EA6F25F93B2A003D498B /* NavigationButtonNext.swift */ = {isa = PBXFileReference; lastKnownFileType = sourcecode.swift; path = NavigationButtonNext.swift; sourceTree = "<group>"; };
		7EF5EA8025F9481E003D498B /* TitleTestReading.swift */ = {isa = PBXFileReference; lastKnownFileType = sourcecode.swift; path = TitleTestReading.swift; sourceTree = "<group>"; };
		7EF5EA9725F949D3003D498B /* TitleLessonWriting.swift */ = {isa = PBXFileReference; lastKnownFileType = sourcecode.swift; path = TitleLessonWriting.swift; sourceTree = "<group>"; };
		7EF5EA9C25F94A5F003D498B /* TitleTestWriting.swift */ = {isa = PBXFileReference; lastKnownFileType = sourcecode.swift; path = TitleTestWriting.swift; sourceTree = "<group>"; };
		7EF5EAA425F94BBA003D498B /* TitleMiniQuizWriting.swift */ = {isa = PBXFileReference; lastKnownFileType = sourcecode.swift; path = TitleMiniQuizWriting.swift; sourceTree = "<group>"; };
		7EF5EAAC25F9548D003D498B /* TitleQuizKeyboard.swift */ = {isa = PBXFileReference; lastKnownFileType = sourcecode.swift; path = TitleQuizKeyboard.swift; sourceTree = "<group>"; };
		7EF5EAB125F954DD003D498B /* TitleQuizWriting.swift */ = {isa = PBXFileReference; lastKnownFileType = sourcecode.swift; path = TitleQuizWriting.swift; sourceTree = "<group>"; };
		7EF8307D25EE985500874432 /* ContinueButtonScore.swift */ = {isa = PBXFileReference; lastKnownFileType = sourcecode.swift; path = ContinueButtonScore.swift; sourceTree = "<group>"; };
		7EF9804025D9796300634116 /* DetailButtons.swift */ = {isa = PBXFileReference; lastKnownFileType = sourcecode.swift; path = DetailButtons.swift; sourceTree = "<group>"; };
/* End PBXFileReference section */

/* Begin PBXFrameworksBuildPhase section */
		7E3E424B25CB2C7C00B2F5AC /* Frameworks */ = {
			isa = PBXFrameworksBuildPhase;
			buildActionMask = 2147483647;
			files = (
				7E64757C26125731005507E0 /* SwiftKeychainWrapper in Frameworks */,
				7E7F642926122385007C8C70 /* StoreKit.framework in Frameworks */,
			);
			runOnlyForDeploymentPostprocessing = 0;
		};
		7E3E426125CB2C7D00B2F5AC /* Frameworks */ = {
			isa = PBXFrameworksBuildPhase;
			buildActionMask = 2147483647;
			files = (
			);
			runOnlyForDeploymentPostprocessing = 0;
		};
		7E3E426C25CB2C7D00B2F5AC /* Frameworks */ = {
			isa = PBXFrameworksBuildPhase;
			buildActionMask = 2147483647;
			files = (
			);
			runOnlyForDeploymentPostprocessing = 0;
		};
/* End PBXFrameworksBuildPhase section */

/* Begin PBXGroup section */
		7E1878B225D96436001DEA8E /* DrawingPad */ = {
			isa = PBXGroup;
			children = (
				7E3E434725CB369800B2F5AC /* DrawingArea.swift */,
				7E3E434525CB369800B2F5AC /* Guide.swift */,
				7E3E433E25CB369800B2F5AC /* DrawingGrid.swift */,
				7E3E434325CB369800B2F5AC /* VerticalDottedLine.swift */,
				7E3E434025CB369800B2F5AC /* HorizontalDottedLine.swift */,
			);
			path = DrawingPad;
			sourceTree = "<group>";
		};
		7E1878BB25D96520001DEA8E /* DrawingButtons */ = {
			isa = PBXGroup;
			children = (
				7E3E434125CB369800B2F5AC /* ShowGuideButtonLabel.swift */,
				7E3E434225CB369800B2F5AC /* DeleteButtonLabel.swift */,
			);
			path = DrawingButtons;
			sourceTree = "<group>";
		};
		7E24850D26052C0300972718 /* IntroductionView */ = {
			isa = PBXGroup;
			children = (
				7E3E430025CB353000B2F5AC /* SheetHeaderIntroduction.swift */,
			);
			path = IntroductionView;
			sourceTree = "<group>";
		};
		7E24850E26052C1E00972718 /* AboutView */ = {
			isa = PBXGroup;
			children = (
				7EF5EA5F25F92FDB003D498B /* SheetHeaderAbout.swift */,
			);
			path = AboutView;
			sourceTree = "<group>";
		};
		7E27AB4A25D9757F00D10EC1 /* ChevronButton */ = {
			isa = PBXGroup;
			children = (
				7E3E432425CB361D00B2F5AC /* Chevron.swift */,
			);
			path = ChevronButton;
			sourceTree = "<group>";
		};
		7E335B3125E6BE26004EC2C9 /* QuizMCQ */ = {
			isa = PBXGroup;
			children = (
				7EBF6DC625E7F57E0077F4D2 /* TitleQuizMCQ.swift */,
				7E335B3225E6BE45004EC2C9 /* SuggestionsQuiz.swift */,
				7E335B3A25E6BE55004EC2C9 /* SuggestionCellQuiz.swift */,
			);
			path = QuizMCQ;
			sourceTree = "<group>";
		};
		7E3E424525CB2C7C00B2F5AC = {
			isa = PBXGroup;
			children = (
				7E3E425025CB2C7C00B2F5AC /* KanaTorii */,
				7E3E426725CB2C7D00B2F5AC /* KanaToriiTests */,
				7E3E427225CB2C7D00B2F5AC /* KanaToriiUITests */,
				7E3E424F25CB2C7C00B2F5AC /* Products */,
				7EC7084125F660AF00013F38 /* Frameworks */,
			);
			sourceTree = "<group>";
		};
		7E3E424F25CB2C7C00B2F5AC /* Products */ = {
			isa = PBXGroup;
			children = (
				7E3E424E25CB2C7C00B2F5AC /* KanaTorii.app */,
				7E3E426425CB2C7D00B2F5AC /* KanaToriiTests.xctest */,
				7E3E426F25CB2C7D00B2F5AC /* KanaToriiUITests.xctest */,
			);
			name = Products;
			sourceTree = "<group>";
		};
		7E3E425025CB2C7C00B2F5AC /* KanaTorii */ = {
			isa = PBXGroup;
			children = (
				7E51761625F28A1700FFDFF6 /* KanaTorii.entitlements */,
				7E3E42DB25CB341400B2F5AC /* KanaToriiApp.swift */,
				7E3E42E025CB341F00B2F5AC /* Views */,
				7E3E439225CB43FB00B2F5AC /* Model */,
				7E3E43A225CB449500B2F5AC /* Resources */,
				7E3E425525CB2C7C00B2F5AC /* Assets.xcassets */,
				7E1DB4AE26541B4600FC3BC4 /* Launch Screen.storyboard */,
				7E3E425F25CB2C7C00B2F5AC /* Info.plist */,
				7EC7085725F6625F00013F38 /* Localizable.strings */,
				7E3E425725CB2C7C00B2F5AC /* Preview Content */,
			);
			path = KanaTorii;
			sourceTree = "<group>";
		};
		7E3E425725CB2C7C00B2F5AC /* Preview Content */ = {
			isa = PBXGroup;
			children = (
				7E3E425825CB2C7C00B2F5AC /* Preview Assets.xcassets */,
			);
			path = "Preview Content";
			sourceTree = "<group>";
		};
		7E3E426725CB2C7D00B2F5AC /* KanaToriiTests */ = {
			isa = PBXGroup;
			children = (
				7E3E426825CB2C7D00B2F5AC /* KanaToriiTests.swift */,
				7E3E426A25CB2C7D00B2F5AC /* Info.plist */,
			);
			path = KanaToriiTests;
			sourceTree = "<group>";
		};
		7E3E427225CB2C7D00B2F5AC /* KanaToriiUITests */ = {
			isa = PBXGroup;
			children = (
				7E3E427325CB2C7D00B2F5AC /* KanaToriiUITests.swift */,
				7E3E427525CB2C7D00B2F5AC /* Info.plist */,
			);
			path = KanaToriiUITests;
			sourceTree = "<group>";
		};
		7E3E42E025CB341F00B2F5AC /* Views */ = {
			isa = PBXGroup;
			children = (
				7E3E42E125CB343300B2F5AC /* ContentView.swift */,
				7E3E42FB25CB346100B2F5AC /* Home */,
				7E3E42FC25CB350400B2F5AC /* Home Modals */,
				7E3E430825CB355400B2F5AC /* Lists */,
				7E3E432025CB35E800B2F5AC /* Details */,
				7E3E433C25CB368200B2F5AC /* Drawing */,
				7E3E435825CB36DE00B2F5AC /* Lessons */,
				7E3FE95425E4018800AB398D /* Lesson */,
				7E3E438625CB432300B2F5AC /* Quizs */,
				7E3E438725CB433D00B2F5AC /* Statistics */,
				7EAA3B9E25EACBC200A137E8 /* Score */,
				7E51761F25F28F4600FFDFF6 /* Reminder */,
			);
			path = Views;
			sourceTree = "<group>";
		};
		7E3E42FB25CB346100B2F5AC /* Home */ = {
			isa = PBXGroup;
			children = (
				7E3E42ED25CB345A00B2F5AC /* HomeView.swift */,
				7E3E42E825CB345A00B2F5AC /* HomeBackground.swift */,
				7E3E42EB25CB345A00B2F5AC /* HomeTitle.swift */,
				7E3E42E625CB345A00B2F5AC /* HomeJapaneseTitle.swift */,
				7E3E42EC25CB345A00B2F5AC /* SubtitleHome.swift */,
				7ED04E3625D96F3200686D48 /* HomeButtons.swift */,
				7EED308725F92D8200B2C5F1 /* HomeButtons */,
				7E3E42EA25CB345A00B2F5AC /* ButtonShare.swift */,
				7E3E42EE25CB345A00B2F5AC /* ButtonSettings.swift */,
				7E3E42E925CB345A00B2F5AC /* ActivityView.swift */,
			);
			path = Home;
			sourceTree = "<group>";
		};
		7E3E42FC25CB350400B2F5AC /* Home Modals */ = {
			isa = PBXGroup;
			children = (
				7E3E42FE25CB352F00B2F5AC /* IntroductionView.swift */,
				7E24850D26052C0300972718 /* IntroductionView */,
				7EBD6AD325F69251005FE0F4 /* AboutView.swift */,
				7E24850E26052C1E00972718 /* AboutView */,
				7E3E42FD25CB352F00B2F5AC /* SettingsView.swift */,
				7E9A899F2605297000DE8573 /* SettingsView */,
			);
			path = "Home Modals";
			sourceTree = "<group>";
		};
		7E3E430825CB355400B2F5AC /* Lists */ = {
			isa = PBXGroup;
			children = (
				7E3E430A25CB358200B2F5AC /* ListsView.swift */,
				7E3E431125CB35B700B2F5AC /* Grid.swift */,
				7E3E431025CB359C00B2F5AC /* Grid */,
				7E3E430925CB358200B2F5AC /* GreenSegmentedControl.swift */,
			);
			path = Lists;
			sourceTree = "<group>";
		};
		7E3E431025CB359C00B2F5AC /* Grid */ = {
			isa = PBXGroup;
			children = (
				7E3E431325CB35B700B2F5AC /* CustomSection.swift */,
				7E3E431525CB35B800B2F5AC /* GojuonGrid.swift */,
				7E3E431425CB35B800B2F5AC /* DakuonHandakuonGrid.swift */,
				7E3E431225CB35B700B2F5AC /* YoonGrid.swift */,
				7E3E431625CB35B800B2F5AC /* KanaCell.swift */,
			);
			path = Grid;
			sourceTree = "<group>";
		};
		7E3E432025CB35E800B2F5AC /* Details */ = {
			isa = PBXGroup;
			children = (
				7E3E432225CB361C00B2F5AC /* DetailsView.swift */,
				7E3E432525CB361D00B2F5AC /* PageViewController.swift */,
				7E3E432325CB361D00B2F5AC /* PageControl.swift */,
				7E3E432125CB361C00B2F5AC /* ChevronButton.swift */,
				7E27AB4A25D9757F00D10EC1 /* ChevronButton */,
				7E3E433325CB366400B2F5AC /* DetailPage.swift */,
				7E3E432E25CB363700B2F5AC /* DetailPage */,
			);
			path = Details;
			sourceTree = "<group>";
		};
		7E3E432E25CB363700B2F5AC /* DetailPage */ = {
			isa = PBXGroup;
			children = (
				7E3E433125CB366400B2F5AC /* FlashCard.swift */,
				7EF9804025D9796300634116 /* DetailButtons.swift */,
				7E3E432F25CB366400B2F5AC /* LinesImagesSection.swift */,
				7E3E433025CB366400B2F5AC /* StatisticsSection.swift */,
			);
			path = DetailPage;
			sourceTree = "<group>";
		};
		7E3E433C25CB368200B2F5AC /* Drawing */ = {
			isa = PBXGroup;
			children = (
				7E3E434625CB369800B2F5AC /* DrawView.swift */,
				7EF5EA6A25F933BA003D498B /* SheetHeaderDraw.swift */,
				7E3E434825CB369900B2F5AC /* TitleDraw.swift */,
				7E1878A425D95742001DEA8E /* DrawingPad.swift */,
				7E1878B225D96436001DEA8E /* DrawingPad */,
				7E1878B625D964FF001DEA8E /* DrawingButtons.swift */,
				7E1878BB25D96520001DEA8E /* DrawingButtons */,
				7E978B1C25D968C7007B5A04 /* DrawingNavigationButtons.swift */,
				7E978B2125D968D4007B5A04 /* DrawingNavigationButtons */,
			);
			path = Drawing;
			sourceTree = "<group>";
		};
		7E3E435825CB36DE00B2F5AC /* Lessons */ = {
			isa = PBXGroup;
			children = (
				7E3E435A25CB36F900B2F5AC /* LessonsView.swift */,
				7ECFBBCC2608ED4D003EC368 /* LessonsNavigationView.swift */,
				7E3E435925CB36F900B2F5AC /* LessonRow.swift */,
			);
			path = Lessons;
			sourceTree = "<group>";
		};
		7E3E436025CB388000B2F5AC /* LessonInfo */ = {
			isa = PBXGroup;
			children = (
				7E3E436325CB38AC00B2F5AC /* LessonInfoView.swift */,
				7ECFBBD12608EFF7003EC368 /* LessonInfo.swift */,
				7E3E436225CB38AC00B2F5AC /* LessonInfoText.swift */,
				7E3E436125CB38AC00B2F5AC /* LessonInfoList.swift */,
				7E3E436425CB38AC00B2F5AC /* ContinueNavLink.swift */,
				7ECFBBD62608F44D003EC368 /* ContinueText.swift */,
			);
			path = LessonInfo;
			sourceTree = "<group>";
		};
		7E3E436C25CB391500B2F5AC /* LessonReading */ = {
			isa = PBXGroup;
			children = (
				7E3E436E25CB393600B2F5AC /* LessonMemoReading.swift */,
				7E3FE95B25E4032E00AB398D /* LessonMemoReading */,
				7E3E436D25CB393600B2F5AC /* TestReading.swift */,
				7E3FE95C25E4034300AB398D /* TestReading */,
				7E60021225EA899900231C40 /* MiniQuizReading.swift */,
				7E60022725EA92F100231C40 /* MiniQuizReading */,
			);
			path = LessonReading;
			sourceTree = "<group>";
		};
		7E3E437425CB41EB00B2F5AC /* LessonWriting */ = {
			isa = PBXGroup;
			children = (
				7E3E437525CB420400B2F5AC /* LessonMemoWriting.swift */,
				7EF5EA9625F949C1003D498B /* LessonMemoWriting */,
				7E410B6125D1B56600CABEE1 /* TestWriting.swift */,
				7E3FE95D25E4035A00AB398D /* TestWriting */,
				7E60021725EA89B100231C40 /* MiniQuizWriting.swift */,
				7E60023825EAB3EB00231C40 /* MiniQuizWriting */,
			);
			path = LessonWriting;
			sourceTree = "<group>";
		};
		7E3E437A25CB426800B2F5AC /* LessonShared */ = {
			isa = PBXGroup;
			children = (
				7E3E437B25CB42DF00B2F5AC /* LessonHeader.swift */,
				7E3E437E25CB42DF00B2F5AC /* MemoCard.swift */,
				7EA5EC3025D9A78F00A1FCF4 /* ContinueButtonTest.swift */,
				7EA5EC3E25D9A9B500A1FCF4 /* ContinueButtonQuiz.swift */,
				7EF8307D25EE985500874432 /* ContinueButtonScore.swift */,
			);
			path = LessonShared;
			sourceTree = "<group>";
		};
		7E3E438625CB432300B2F5AC /* Quizs */ = {
			isa = PBXGroup;
			children = (
				7E8BAB0725F3FCC300205949 /* QuizsView.swift */,
				7E125B5A263C4EBA0074043F /* QuizsViewIpad.swift */,
				7E125B5C263C4F150074043F /* QuizsViewIphone.swift */,
				7EBF6DCE25E7F5F40077F4D2 /* QuizHeader.swift */,
				7E3FE92A25E3FE2E00AB398D /* QuizMCQ.swift */,
				7E335B3125E6BE26004EC2C9 /* QuizMCQ */,
				7E3FE93725E3FE8700AB398D /* QuizKeyboard.swift */,
				7EF5EAB925F95598003D498B /* QuizKeyboard */,
				7E3FE91D25E3FDB800AB398D /* QuizWriting.swift */,
				7EBF6DD625E7FEC80077F4D2 /* QuizWriting */,
			);
			path = Quizs;
			sourceTree = "<group>";
		};
		7E3E438725CB433D00B2F5AC /* Statistics */ = {
			isa = PBXGroup;
			children = (
				7E3E438D25CB435F00B2F5AC /* StatisticsView.swift */,
				7E232E74260A6E4C0004B29F /* StatRow.swift */,
				7EF09E26268C9CB300890454 /* EmptyStatisticView.swift */,
			);
			path = Statistics;
			sourceTree = "<group>";
		};
		7E3E439225CB43FB00B2F5AC /* Model */ = {
			isa = PBXGroup;
			children = (
				7E3E439525CB446000B2F5AC /* ModelData.swift */,
				7E3E439325CB446000B2F5AC /* Kana.swift */,
				7E3E439825CB446100B2F5AC /* KanaForList.swift */,
				7E3E439625CB446000B2F5AC /* LessonForList.swift */,
				7E3E439425CB446000B2F5AC /* Lesson.swift */,
				7E3E439725CB446100B2F5AC /* Test.swift */,
				7E410B7125D1B8C400CABEE1 /* TestDrawing.swift */,
				7E60022225EA8C0600231C40 /* MiniQuiz.swift */,
				7E9B2B6925E41F1300481D71 /* Quiz.swift */,
				7E4AE9FF25ED9F3300FDFDC6 /* Score.swift */,
				7E25672E25FBBE5C005B71A8 /* Weekday.swift */,
				7EB7667D268C8FE7003CC75B /* HiraganaRecognizer.mlmodel */,
				7EB7667F268C8FF2003CC75B /* KatakanaRecognizer.mlmodel */,
				7E3E425A25CB2C7C00B2F5AC /* Persistence.swift */,
				7E3F6A7325D6FD0600F22669 /* ImageProcessor.swift */,
				7E45E35F25DAD94D009B9A16 /* Extensions.swift */,
				7E3E425C25CB2C7C00B2F5AC /* KanaTorii.xcdatamodeld */,
				7E51761A25F28B3700FFDFF6 /* LocalNotification.swift */,
				7E647572261228C1005507E0 /* StoreManager.swift */,
				7E647580261257AA005507E0 /* Configuration.storekit */,
			);
			path = Model;
			sourceTree = "<group>";
		};
		7E3E43A225CB449500B2F5AC /* Resources */ = {
			isa = PBXGroup;
			children = (
				7E3E43A725CB44CF00B2F5AC /* YuMincho.ttc */,
				7E3E43A525CB44CE00B2F5AC /* Correct Beep.mp3 */,
				7E3E43A625CB44CE00B2F5AC /* Wrong Beep.mp3 */,
				7E3F061E25F7E15D000FE9EE /* kanaData.json */,
				7E3F061925F7E12B000FE9EE /* kanaForListData.json */,
				7E3F062825F7E17F000FE9EE /* lessonData.json */,
				7E25672925FBBDDD005B71A8 /* weekdays.json */,
			);
			path = Resources;
			sourceTree = "<group>";
		};
		7E3FE95425E4018800AB398D /* Lesson */ = {
			isa = PBXGroup;
			children = (
				7E3E436025CB388000B2F5AC /* LessonInfo */,
				7E3E436C25CB391500B2F5AC /* LessonReading */,
				7E3E437425CB41EB00B2F5AC /* LessonWriting */,
				7E3E437A25CB426800B2F5AC /* LessonShared */,
			);
			path = Lesson;
			sourceTree = "<group>";
		};
		7E3FE95B25E4032E00AB398D /* LessonMemoReading */ = {
			isa = PBXGroup;
			children = (
				7E0954A825D9A5BF00A58AFF /* TitleLessonReading.swift */,
				7E0954AD25D9A63F00A58AFF /* SoundButton.swift */,
			);
			path = LessonMemoReading;
			sourceTree = "<group>";
		};
		7E3FE95C25E4034300AB398D /* TestReading */ = {
			isa = PBXGroup;
			children = (
				7ECFBBDB2608FEA7003EC368 /* BodyTestReading.swift */,
				7EF5EA8025F9481E003D498B /* TitleTestReading.swift */,
				7E21A34C25E049A80073A3EF /* SuggestionsTest.swift */,
				7E863A2025CC5E9E00D3570E /* SuggestionCellTest.swift */,
			);
			path = TestReading;
			sourceTree = "<group>";
		};
		7E3FE95D25E4035A00AB398D /* TestWriting */ = {
			isa = PBXGroup;
			children = (
				7EF5EA9C25F94A5F003D498B /* TitleTestWriting.swift */,
				7E23B86D25D9A0E80010EAF6 /* DrawingPadTest.swift */,
				7E090BA625D1C12700FF35F4 /* GuideTest.swift */,
				7E21A35725E04D940073A3EF /* DrawingButtonsTest.swift */,
				7E89855225E16A2000C4900B /* ContinueButtonTestDrawing.swift */,
			);
			path = TestWriting;
			sourceTree = "<group>";
		};
		7E51761F25F28F4600FFDFF6 /* Reminder */ = {
			isa = PBXGroup;
			children = (
				7E51762025F28F6C00FFDFF6 /* ReminderView.swift */,
			);
			path = Reminder;
			sourceTree = "<group>";
		};
		7E60022725EA92F100231C40 /* MiniQuizReading */ = {
			isa = PBXGroup;
			children = (
				7ECFBBE326090361003EC368 /* BodyMiniQuizReading.swift */,
				7E60022825EA931800231C40 /* SuggestionsMiniQuiz.swift */,
				7E60022D25EA933C00231C40 /* SuggestionCellMiniQuiz.swift */,
			);
			path = MiniQuizReading;
			sourceTree = "<group>";
		};
		7E60023825EAB3EB00231C40 /* MiniQuizWriting */ = {
			isa = PBXGroup;
			children = (
				7EF5EAA425F94BBA003D498B /* TitleMiniQuizWriting.swift */,
				7E60023925EAB41700231C40 /* ContinueButtonMiniQuizDrawing.swift */,
			);
			path = MiniQuizWriting;
			sourceTree = "<group>";
		};
		7E978B2125D968D4007B5A04 /* DrawingNavigationButtons */ = {
			isa = PBXGroup;
			children = (
				7E3E434425CB369800B2F5AC /* NavigationButtonPrevious.swift */,
				7EF5EA6F25F93B2A003D498B /* NavigationButtonNext.swift */,
				7E3E433D25CB369800B2F5AC /* InversedLabel.swift */,
			);
			path = DrawingNavigationButtons;
			sourceTree = "<group>";
		};
		7E9A899F2605297000DE8573 /* SettingsView */ = {
			isa = PBXGroup;
			children = (
				7EF5EA5725F92FBF003D498B /* SheetHeaderSettings.swift */,
				7E9A89A02605298A00DE8573 /* SettingsForm.swift */,
			);
			path = SettingsView;
			sourceTree = "<group>";
		};
		7EAA3B9E25EACBC200A137E8 /* Score */ = {
			isa = PBXGroup;
			children = (
				7EAA3B9F25EACBE100A137E8 /* ScoreView.swift */,
			);
			path = Score;
			sourceTree = "<group>";
		};
		7EBF6DD625E7FEC80077F4D2 /* QuizWriting */ = {
			isa = PBXGroup;
			children = (
				7EF5EAB125F954DD003D498B /* TitleQuizWriting.swift */,
				7E232E6F260A68860004B29F /* BodyQuizWriting.swift */,
				7EBF6DD725E7FEEB0077F4D2 /* DrawingPadQuiz.swift */,
				7EBF6DDF25E7FF200077F4D2 /* DrawingButtonQuiz.swift */,
				7EBF6DE425E7FF430077F4D2 /* ContinueButtonQuizDrawing.swift */,
			);
			path = QuizWriting;
			sourceTree = "<group>";
		};
		7EC7084125F660AF00013F38 /* Frameworks */ = {
			isa = PBXGroup;
			children = (
				7E7F642826122385007C8C70 /* StoreKit.framework */,
			);
			name = Frameworks;
			sourceTree = "<group>";
		};
		7EED308725F92D8200B2C5F1 /* HomeButtons */ = {
			isa = PBXGroup;
			children = (
				7EED308225F92D7B00B2C5F1 /* HomeButtonIntroduction.swift */,
				7EED307D25F92D3D00B2C5F1 /* HomeButtonAbout.swift */,
			);
			path = HomeButtons;
			sourceTree = "<group>";
		};
		7EF5EA9625F949C1003D498B /* LessonMemoWriting */ = {
			isa = PBXGroup;
			children = (
				7EF5EA9725F949D3003D498B /* TitleLessonWriting.swift */,
			);
			path = LessonMemoWriting;
			sourceTree = "<group>";
		};
		7EF5EAB925F95598003D498B /* QuizKeyboard */ = {
			isa = PBXGroup;
			children = (
				7EF5EAAC25F9548D003D498B /* TitleQuizKeyboard.swift */,
				7E232E6A260A5A0F0004B29F /* BodyQuizKeyboard.swift */,
			);
			path = QuizKeyboard;
			sourceTree = "<group>";
		};
/* End PBXGroup section */

/* Begin PBXNativeTarget section */
		7E3E424D25CB2C7C00B2F5AC /* KanaTorii */ = {
			isa = PBXNativeTarget;
			buildConfigurationList = 7E3E427825CB2C7D00B2F5AC /* Build configuration list for PBXNativeTarget "KanaTorii" */;
			buildPhases = (
				7E3E424A25CB2C7C00B2F5AC /* Sources */,
				7E3E424B25CB2C7C00B2F5AC /* Frameworks */,
				7E3E424C25CB2C7C00B2F5AC /* Resources */,
				7E125B59263C4B420074043F /* ShellScript */,
			);
			buildRules = (
			);
			dependencies = (
			);
			name = KanaTorii;
			packageProductDependencies = (
				7E64757B26125731005507E0 /* SwiftKeychainWrapper */,
			);
			productName = KanaTorii;
			productReference = 7E3E424E25CB2C7C00B2F5AC /* KanaTorii.app */;
			productType = "com.apple.product-type.application";
		};
		7E3E426325CB2C7D00B2F5AC /* KanaToriiTests */ = {
			isa = PBXNativeTarget;
			buildConfigurationList = 7E3E427B25CB2C7D00B2F5AC /* Build configuration list for PBXNativeTarget "KanaToriiTests" */;
			buildPhases = (
				7E3E426025CB2C7D00B2F5AC /* Sources */,
				7E3E426125CB2C7D00B2F5AC /* Frameworks */,
				7E3E426225CB2C7D00B2F5AC /* Resources */,
			);
			buildRules = (
			);
			dependencies = (
				7E3E426625CB2C7D00B2F5AC /* PBXTargetDependency */,
			);
			name = KanaToriiTests;
			productName = KanaToriiTests;
			productReference = 7E3E426425CB2C7D00B2F5AC /* KanaToriiTests.xctest */;
			productType = "com.apple.product-type.bundle.unit-test";
		};
		7E3E426E25CB2C7D00B2F5AC /* KanaToriiUITests */ = {
			isa = PBXNativeTarget;
			buildConfigurationList = 7E3E427E25CB2C7D00B2F5AC /* Build configuration list for PBXNativeTarget "KanaToriiUITests" */;
			buildPhases = (
				7E3E426B25CB2C7D00B2F5AC /* Sources */,
				7E3E426C25CB2C7D00B2F5AC /* Frameworks */,
				7E3E426D25CB2C7D00B2F5AC /* Resources */,
			);
			buildRules = (
			);
			dependencies = (
				7E3E427125CB2C7D00B2F5AC /* PBXTargetDependency */,
			);
			name = KanaToriiUITests;
			productName = KanaToriiUITests;
			productReference = 7E3E426F25CB2C7D00B2F5AC /* KanaToriiUITests.xctest */;
			productType = "com.apple.product-type.bundle.ui-testing";
		};
/* End PBXNativeTarget section */

/* Begin PBXProject section */
		7E3E424625CB2C7C00B2F5AC /* Project object */ = {
			isa = PBXProject;
			attributes = {
				LastSwiftUpdateCheck = 1240;
				LastUpgradeCheck = 1250;
				TargetAttributes = {
					7E3E424D25CB2C7C00B2F5AC = {
						CreatedOnToolsVersion = 12.4;
					};
					7E3E426325CB2C7D00B2F5AC = {
						CreatedOnToolsVersion = 12.4;
						TestTargetID = 7E3E424D25CB2C7C00B2F5AC;
					};
					7E3E426E25CB2C7D00B2F5AC = {
						CreatedOnToolsVersion = 12.4;
						TestTargetID = 7E3E424D25CB2C7C00B2F5AC;
					};
				};
			};
			buildConfigurationList = 7E3E424925CB2C7C00B2F5AC /* Build configuration list for PBXProject "KanaTorii" */;
			compatibilityVersion = "Xcode 9.3";
			developmentRegion = en;
			hasScannedForEncodings = 0;
			knownRegions = (
				en,
				Base,
				fr,
			);
			mainGroup = 7E3E424525CB2C7C00B2F5AC;
			packageReferences = (
				7E64757A26125731005507E0 /* XCRemoteSwiftPackageReference "SwiftKeychainWrapper" */,
			);
			productRefGroup = 7E3E424F25CB2C7C00B2F5AC /* Products */;
			projectDirPath = "";
			projectRoot = "";
			targets = (
				7E3E424D25CB2C7C00B2F5AC /* KanaTorii */,
				7E3E426325CB2C7D00B2F5AC /* KanaToriiTests */,
				7E3E426E25CB2C7D00B2F5AC /* KanaToriiUITests */,
			);
		};
/* End PBXProject section */

/* Begin PBXResourcesBuildPhase section */
		7E3E424C25CB2C7C00B2F5AC /* Resources */ = {
			isa = PBXResourcesBuildPhase;
			buildActionMask = 2147483647;
			files = (
				7E25672725FBBDDD005B71A8 /* weekdays.json in Resources */,
				7E3E43AD25CB44CF00B2F5AC /* Correct Beep.mp3 in Resources */,
				7E3E425925CB2C7C00B2F5AC /* Preview Assets.xcassets in Resources */,
				7E3E425625CB2C7C00B2F5AC /* Assets.xcassets in Resources */,
				7E3F061F25F7E15E000FE9EE /* kanaData.json in Resources */,
				7EC7085525F6625F00013F38 /* Localizable.strings in Resources */,
				7E1DB4AF26541B4600FC3BC4 /* Launch Screen.storyboard in Resources */,
				7E3F061A25F7E12B000FE9EE /* kanaForListData.json in Resources */,
				7E3E43AF25CB44CF00B2F5AC /* YuMincho.ttc in Resources */,
				7E3F062625F7E17F000FE9EE /* lessonData.json in Resources */,
				7E647581261257AA005507E0 /* Configuration.storekit in Resources */,
				7E3E43AE25CB44CF00B2F5AC /* Wrong Beep.mp3 in Resources */,
			);
			runOnlyForDeploymentPostprocessing = 0;
		};
		7E3E426225CB2C7D00B2F5AC /* Resources */ = {
			isa = PBXResourcesBuildPhase;
			buildActionMask = 2147483647;
			files = (
			);
			runOnlyForDeploymentPostprocessing = 0;
		};
		7E3E426D25CB2C7D00B2F5AC /* Resources */ = {
			isa = PBXResourcesBuildPhase;
			buildActionMask = 2147483647;
			files = (
			);
			runOnlyForDeploymentPostprocessing = 0;
		};
/* End PBXResourcesBuildPhase section */

/* Begin PBXShellScriptBuildPhase section */
		7E125B59263C4B420074043F /* ShellScript */ = {
			isa = PBXShellScriptBuildPhase;
			buildActionMask = 2147483647;
			files = (
			);
			inputFileListPaths = (
			);
			inputPaths = (
			);
			outputFileListPaths = (
			);
			outputPaths = (
			);
			runOnlyForDeploymentPostprocessing = 0;
			shellPath = /bin/sh;
			shellScript = "if which swiftlint >/dev/null; then\n  swiftlint autocorrect\nelse\n  echo \"warning: SwiftLint not installed, download from https://github.com/realm/SwiftLint\"\nfi\n";
		};
/* End PBXShellScriptBuildPhase section */

/* Begin PBXSourcesBuildPhase section */
		7E3E424A25CB2C7C00B2F5AC /* Sources */ = {
			isa = PBXSourcesBuildPhase;
			buildActionMask = 2147483647;
			files = (
				7E3E432725CB361D00B2F5AC /* DetailsView.swift in Sources */,
				7E0954A925D9A5BF00A58AFF /* TitleLessonReading.swift in Sources */,
				7E3E42F125CB345A00B2F5AC /* HomeBackground.swift in Sources */,
				7EBD6AD425F69251005FE0F4 /* AboutView.swift in Sources */,
				7EBF6DCF25E7F5F40077F4D2 /* QuizHeader.swift in Sources */,
				7E3F6A7425D6FD0600F22669 /* ImageProcessor.swift in Sources */,
				7E3E431A25CB35B800B2F5AC /* DakuonHandakuonGrid.swift in Sources */,
				7ECFBBCD2608ED4D003EC368 /* LessonsNavigationView.swift in Sources */,
				7E3E435225CB369900B2F5AC /* DrawView.swift in Sources */,
				7E3E436825CB38AC00B2F5AC /* ContinueNavLink.swift in Sources */,
				7E23B86E25D9A0E80010EAF6 /* DrawingPadTest.swift in Sources */,
				7E3E431C25CB35B800B2F5AC /* KanaCell.swift in Sources */,
				7E3E430C25CB358200B2F5AC /* ListsView.swift in Sources */,
				7E3E42F625CB345A00B2F5AC /* HomeView.swift in Sources */,
				7E3E433525CB366400B2F5AC /* StatisticsSection.swift in Sources */,
				7E3E437025CB393600B2F5AC /* LessonMemoReading.swift in Sources */,
				7E3E439B25CB446100B2F5AC /* ModelData.swift in Sources */,
				7E3FE92B25E3FE2E00AB398D /* QuizMCQ.swift in Sources */,
				7E3E435125CB369900B2F5AC /* Guide.swift in Sources */,
				7ECFBBDC2608FEA7003EC368 /* BodyTestReading.swift in Sources */,
				7EB7667E268C8FE7003CC75B /* HiraganaRecognizer.mlmodel in Sources */,
				7E335B3B25E6BE55004EC2C9 /* SuggestionCellQuiz.swift in Sources */,
				7E3E437625CB420400B2F5AC /* LessonMemoWriting.swift in Sources */,
				7E3E431B25CB35B800B2F5AC /* GojuonGrid.swift in Sources */,
				7E60022925EA931800231C40 /* SuggestionsMiniQuiz.swift in Sources */,
				7E125B5D263C4F150074043F /* QuizsViewIphone.swift in Sources */,
				7E3E437F25CB42DF00B2F5AC /* LessonHeader.swift in Sources */,
				7E45E36025DAD94D009B9A16 /* Extensions.swift in Sources */,
				7E3E432925CB361D00B2F5AC /* Chevron.swift in Sources */,
				7EF5EA7025F93B2A003D498B /* NavigationButtonNext.swift in Sources */,
				7E51761B25F28B3700FFDFF6 /* LocalNotification.swift in Sources */,
				7E3E42DC25CB341400B2F5AC /* KanaToriiApp.swift in Sources */,
				7E3E430B25CB358200B2F5AC /* GreenSegmentedControl.swift in Sources */,
				7E51762125F28F6C00FFDFF6 /* ReminderView.swift in Sources */,
				7E232E75260A6E4C0004B29F /* StatRow.swift in Sources */,
				7E4AEA0025ED9F3300FDFDC6 /* Score.swift in Sources */,
				7E3E42F225CB345A00B2F5AC /* ActivityView.swift in Sources */,
				7E3E435C25CB36F900B2F5AC /* LessonsView.swift in Sources */,
				7E3E435425CB369900B2F5AC /* TitleDraw.swift in Sources */,
				7E978B1D25D968C7007B5A04 /* DrawingNavigationButtons.swift in Sources */,
				7E60021325EA899900231C40 /* MiniQuizReading.swift in Sources */,
				7EF5EA9825F949D3003D498B /* TitleLessonWriting.swift in Sources */,
				7EF5EA8125F9481E003D498B /* TitleTestReading.swift in Sources */,
				7E3E42F725CB345A00B2F5AC /* ButtonSettings.swift in Sources */,
				7E3E430425CB353000B2F5AC /* SheetHeaderIntroduction.swift in Sources */,
				7EBF6DE525E7FF430077F4D2 /* ContinueButtonQuizDrawing.swift in Sources */,
				7E3E432A25CB361D00B2F5AC /* PageViewController.swift in Sources */,
				7E3FE91E25E3FDB800AB398D /* QuizWriting.swift in Sources */,
				7ECFBBD72608F44D003EC368 /* ContinueText.swift in Sources */,
				7E3E436F25CB393600B2F5AC /* TestReading.swift in Sources */,
				7E3E42F325CB345A00B2F5AC /* ButtonShare.swift in Sources */,
				7E3E433425CB366400B2F5AC /* LinesImagesSection.swift in Sources */,
				7E3E434E25CB369900B2F5AC /* DeleteButtonLabel.swift in Sources */,
				7E3E433625CB366400B2F5AC /* FlashCard.swift in Sources */,
				7E60023A25EAB41700231C40 /* ContinueButtonMiniQuizDrawing.swift in Sources */,
				7E3E42F525CB345A00B2F5AC /* SubtitleHome.swift in Sources */,
				7E3E42F425CB345A00B2F5AC /* HomeTitle.swift in Sources */,
				7E3E434C25CB369900B2F5AC /* HorizontalDottedLine.swift in Sources */,
				7E21A35825E04D940073A3EF /* DrawingButtonsTest.swift in Sources */,
				7E863A2125CC5E9E00D3570E /* SuggestionCellTest.swift in Sources */,
				7E335B3325E6BE46004EC2C9 /* SuggestionsQuiz.swift in Sources */,
				7E60021825EA89B100231C40 /* MiniQuizWriting.swift in Sources */,
				7E3E430125CB353000B2F5AC /* SettingsView.swift in Sources */,
				7E3E439D25CB446100B2F5AC /* Test.swift in Sources */,
				7EBF6DC725E7F57E0077F4D2 /* TitleQuizMCQ.swift in Sources */,
				7E3E425E25CB2C7C00B2F5AC /* KanaTorii.xcdatamodeld in Sources */,
				7E89855325E16A2000C4900B /* ContinueButtonTestDrawing.swift in Sources */,
				7E647573261228C1005507E0 /* StoreManager.swift in Sources */,
				7E3E431725CB35B800B2F5AC /* Grid.swift in Sources */,
				7EF9804125D9796300634116 /* DetailButtons.swift in Sources */,
				7ECFBBD22608EFF7003EC368 /* LessonInfo.swift in Sources */,
				7E232E6B260A5A0F0004B29F /* BodyQuizKeyboard.swift in Sources */,
				7EAA3BA025EACBE100A137E8 /* ScoreView.swift in Sources */,
				7E3E432825CB361D00B2F5AC /* PageControl.swift in Sources */,
				7EB76680268C8FF2003CC75B /* KatakanaRecognizer.mlmodel in Sources */,
				7EF5EAA525F94BBA003D498B /* TitleMiniQuizWriting.swift in Sources */,
				7E0954AE25D9A63F00A58AFF /* SoundButton.swift in Sources */,
				7EF09E27268C9CB300890454 /* EmptyStatisticView.swift in Sources */,
				7E3E439925CB446100B2F5AC /* Kana.swift in Sources */,
				7EBF6DE025E7FF200077F4D2 /* DrawingButtonQuiz.swift in Sources */,
				7E3E432625CB361D00B2F5AC /* ChevronButton.swift in Sources */,
				7E3E439E25CB446100B2F5AC /* KanaForList.swift in Sources */,
				7E3E434925CB369900B2F5AC /* InversedLabel.swift in Sources */,
				7EF5EA5825F92FBF003D498B /* SheetHeaderSettings.swift in Sources */,
				7E8BAB0825F3FCC300205949 /* QuizsView.swift in Sources */,
				7EED307E25F92D3D00B2C5F1 /* HomeButtonAbout.swift in Sources */,
				7E3E434A25CB369900B2F5AC /* DrawingGrid.swift in Sources */,
				7E3E439A25CB446100B2F5AC /* Lesson.swift in Sources */,
				7E3E439C25CB446100B2F5AC /* LessonForList.swift in Sources */,
				7E60022E25EA933C00231C40 /* SuggestionCellMiniQuiz.swift in Sources */,
				7E3E431825CB35B800B2F5AC /* YoonGrid.swift in Sources */,
				7E21A34D25E049A90073A3EF /* SuggestionsTest.swift in Sources */,
				7EF5EAAD25F9548D003D498B /* TitleQuizKeyboard.swift in Sources */,
				7E3E42E225CB343300B2F5AC /* ContentView.swift in Sources */,
				7EBF6DD825E7FEEB0077F4D2 /* DrawingPadQuiz.swift in Sources */,
				7E125B5B263C4EBA0074043F /* QuizsViewIpad.swift in Sources */,
				7E25672F25FBBE5C005B71A8 /* Weekday.swift in Sources */,
				7EF5EA6B25F933BA003D498B /* SheetHeaderDraw.swift in Sources */,
				7EED308325F92D7B00B2C5F1 /* HomeButtonIntroduction.swift in Sources */,
				7EF5EA9D25F94A5F003D498B /* TitleTestWriting.swift in Sources */,
				7E410B7225D1B8C400CABEE1 /* TestDrawing.swift in Sources */,
				7E60022325EA8C0600231C40 /* MiniQuiz.swift in Sources */,
				7E9A89A12605298A00DE8573 /* SettingsForm.swift in Sources */,
				7E3E436525CB38AC00B2F5AC /* LessonInfoList.swift in Sources */,
				7E3E434D25CB369900B2F5AC /* ShowGuideButtonLabel.swift in Sources */,
				7E3E425B25CB2C7C00B2F5AC /* Persistence.swift in Sources */,
				7EA5EC3F25D9A9B500A1FCF4 /* ContinueButtonQuiz.swift in Sources */,
				7ECFBBE426090361003EC368 /* BodyMiniQuizReading.swift in Sources */,
				7E3E434F25CB369900B2F5AC /* VerticalDottedLine.swift in Sources */,
				7E3E435025CB369900B2F5AC /* NavigationButtonPrevious.swift in Sources */,
				7E3FE93825E3FE8700AB398D /* QuizKeyboard.swift in Sources */,
				7E1878B725D964FF001DEA8E /* DrawingButtons.swift in Sources */,
				7E3E435325CB369900B2F5AC /* DrawingArea.swift in Sources */,
				7E232E70260A68860004B29F /* BodyQuizWriting.swift in Sources */,
				7E3E436625CB38AC00B2F5AC /* LessonInfoText.swift in Sources */,
				7E090BA725D1C12700FF35F4 /* GuideTest.swift in Sources */,
				7E3E438E25CB435F00B2F5AC /* StatisticsView.swift in Sources */,
				7EF5EAB225F954DD003D498B /* TitleQuizWriting.swift in Sources */,
				7E3E435B25CB36F900B2F5AC /* LessonRow.swift in Sources */,
				7EF8307E25EE985500874432 /* ContinueButtonScore.swift in Sources */,
				7E3E433825CB366400B2F5AC /* DetailPage.swift in Sources */,
				7EA5EC3125D9A78F00A1FCF4 /* ContinueButtonTest.swift in Sources */,
				7EF5EA6025F92FDB003D498B /* SheetHeaderAbout.swift in Sources */,
				7E410B6225D1B56600CABEE1 /* TestWriting.swift in Sources */,
				7E3E430225CB353000B2F5AC /* IntroductionView.swift in Sources */,
				7E3E431925CB35B800B2F5AC /* CustomSection.swift in Sources */,
				7E1878A525D95742001DEA8E /* DrawingPad.swift in Sources */,
				7E3E42EF25CB345A00B2F5AC /* HomeJapaneseTitle.swift in Sources */,
				7E9B2B6A25E41F1300481D71 /* Quiz.swift in Sources */,
				7E3E436725CB38AC00B2F5AC /* LessonInfoView.swift in Sources */,
				7ED04E3725D96F3200686D48 /* HomeButtons.swift in Sources */,
				7E3E438225CB42DF00B2F5AC /* MemoCard.swift in Sources */,
			);
			runOnlyForDeploymentPostprocessing = 0;
		};
		7E3E426025CB2C7D00B2F5AC /* Sources */ = {
			isa = PBXSourcesBuildPhase;
			buildActionMask = 2147483647;
			files = (
				7E3E426925CB2C7D00B2F5AC /* KanaToriiTests.swift in Sources */,
			);
			runOnlyForDeploymentPostprocessing = 0;
		};
		7E3E426B25CB2C7D00B2F5AC /* Sources */ = {
			isa = PBXSourcesBuildPhase;
			buildActionMask = 2147483647;
			files = (
				7E3E427425CB2C7D00B2F5AC /* KanaToriiUITests.swift in Sources */,
			);
			runOnlyForDeploymentPostprocessing = 0;
		};
/* End PBXSourcesBuildPhase section */

/* Begin PBXTargetDependency section */
		7E3E426625CB2C7D00B2F5AC /* PBXTargetDependency */ = {
			isa = PBXTargetDependency;
			target = 7E3E424D25CB2C7C00B2F5AC /* KanaTorii */;
			targetProxy = 7E3E426525CB2C7D00B2F5AC /* PBXContainerItemProxy */;
		};
		7E3E427125CB2C7D00B2F5AC /* PBXTargetDependency */ = {
			isa = PBXTargetDependency;
			target = 7E3E424D25CB2C7C00B2F5AC /* KanaTorii */;
			targetProxy = 7E3E427025CB2C7D00B2F5AC /* PBXContainerItemProxy */;
		};
/* End PBXTargetDependency section */

/* Begin PBXVariantGroup section */
		7E25672925FBBDDD005B71A8 /* weekdays.json */ = {
			isa = PBXVariantGroup;
			children = (
				7E25672825FBBDDD005B71A8 /* en */,
				7E25672D25FBBDE1005B71A8 /* fr */,
			);
			name = weekdays.json;
			sourceTree = "<group>";
		};
		7E3F062825F7E17F000FE9EE /* lessonData.json */ = {
			isa = PBXVariantGroup;
			children = (
				7E3F062725F7E17F000FE9EE /* en */,
				7E3F062C25F7E182000FE9EE /* fr */,
			);
			name = lessonData.json;
			sourceTree = "<group>";
		};
		7EC7085725F6625F00013F38 /* Localizable.strings */ = {
			isa = PBXVariantGroup;
			children = (
				7EC7085625F6625F00013F38 /* en */,
				7EC7085B25F6626300013F38 /* fr */,
			);
			name = Localizable.strings;
			sourceTree = "<group>";
		};
/* End PBXVariantGroup section */

/* Begin XCBuildConfiguration section */
		7E3E427625CB2C7D00B2F5AC /* Debug */ = {
			isa = XCBuildConfiguration;
			buildSettings = {
				ALWAYS_SEARCH_USER_PATHS = NO;
				CLANG_ANALYZER_LOCALIZABILITY_NONLOCALIZED = YES;
				CLANG_ANALYZER_NONNULL = YES;
				CLANG_ANALYZER_NUMBER_OBJECT_CONVERSION = YES_AGGRESSIVE;
				CLANG_CXX_LANGUAGE_STANDARD = "gnu++14";
				CLANG_CXX_LIBRARY = "libc++";
				CLANG_ENABLE_MODULES = YES;
				CLANG_ENABLE_OBJC_ARC = YES;
				CLANG_ENABLE_OBJC_WEAK = YES;
				CLANG_WARN_BLOCK_CAPTURE_AUTORELEASING = YES;
				CLANG_WARN_BOOL_CONVERSION = YES;
				CLANG_WARN_COMMA = YES;
				CLANG_WARN_CONSTANT_CONVERSION = YES;
				CLANG_WARN_DEPRECATED_OBJC_IMPLEMENTATIONS = YES;
				CLANG_WARN_DIRECT_OBJC_ISA_USAGE = YES_ERROR;
				CLANG_WARN_DOCUMENTATION_COMMENTS = YES;
				CLANG_WARN_EMPTY_BODY = YES;
				CLANG_WARN_ENUM_CONVERSION = YES;
				CLANG_WARN_INFINITE_RECURSION = YES;
				CLANG_WARN_INT_CONVERSION = YES;
				CLANG_WARN_NON_LITERAL_NULL_CONVERSION = YES;
				CLANG_WARN_OBJC_IMPLICIT_RETAIN_SELF = YES;
				CLANG_WARN_OBJC_LITERAL_CONVERSION = YES;
				CLANG_WARN_OBJC_ROOT_CLASS = YES_ERROR;
				CLANG_WARN_QUOTED_INCLUDE_IN_FRAMEWORK_HEADER = YES;
				CLANG_WARN_RANGE_LOOP_ANALYSIS = YES;
				CLANG_WARN_STRICT_PROTOTYPES = YES;
				CLANG_WARN_SUSPICIOUS_MOVE = YES;
				CLANG_WARN_UNGUARDED_AVAILABILITY = YES_AGGRESSIVE;
				CLANG_WARN_UNREACHABLE_CODE = YES;
				CLANG_WARN__DUPLICATE_METHOD_MATCH = YES;
				COPY_PHASE_STRIP = NO;
				DEBUG_INFORMATION_FORMAT = dwarf;
				ENABLE_STRICT_OBJC_MSGSEND = YES;
				ENABLE_TESTABILITY = YES;
				GCC_C_LANGUAGE_STANDARD = gnu11;
				GCC_DYNAMIC_NO_PIC = NO;
				GCC_NO_COMMON_BLOCKS = YES;
				GCC_OPTIMIZATION_LEVEL = 0;
				GCC_PREPROCESSOR_DEFINITIONS = (
					"DEBUG=1",
					"$(inherited)",
				);
				GCC_WARN_64_TO_32_BIT_CONVERSION = YES;
				GCC_WARN_ABOUT_RETURN_TYPE = YES_ERROR;
				GCC_WARN_UNDECLARED_SELECTOR = YES;
				GCC_WARN_UNINITIALIZED_AUTOS = YES_AGGRESSIVE;
				GCC_WARN_UNUSED_FUNCTION = YES;
				GCC_WARN_UNUSED_VARIABLE = YES;
				IPHONEOS_DEPLOYMENT_TARGET = 14.1;
				MTL_ENABLE_DEBUG_INFO = INCLUDE_SOURCE;
				MTL_FAST_MATH = YES;
				ONLY_ACTIVE_ARCH = YES;
				SDKROOT = iphoneos;
				SWIFT_ACTIVE_COMPILATION_CONDITIONS = DEBUG;
				SWIFT_OPTIMIZATION_LEVEL = "-Onone";
			};
			name = Debug;
		};
		7E3E427725CB2C7D00B2F5AC /* Release */ = {
			isa = XCBuildConfiguration;
			buildSettings = {
				ALWAYS_SEARCH_USER_PATHS = NO;
				CLANG_ANALYZER_LOCALIZABILITY_NONLOCALIZED = YES;
				CLANG_ANALYZER_NONNULL = YES;
				CLANG_ANALYZER_NUMBER_OBJECT_CONVERSION = YES_AGGRESSIVE;
				CLANG_CXX_LANGUAGE_STANDARD = "gnu++14";
				CLANG_CXX_LIBRARY = "libc++";
				CLANG_ENABLE_MODULES = YES;
				CLANG_ENABLE_OBJC_ARC = YES;
				CLANG_ENABLE_OBJC_WEAK = YES;
				CLANG_WARN_BLOCK_CAPTURE_AUTORELEASING = YES;
				CLANG_WARN_BOOL_CONVERSION = YES;
				CLANG_WARN_COMMA = YES;
				CLANG_WARN_CONSTANT_CONVERSION = YES;
				CLANG_WARN_DEPRECATED_OBJC_IMPLEMENTATIONS = YES;
				CLANG_WARN_DIRECT_OBJC_ISA_USAGE = YES_ERROR;
				CLANG_WARN_DOCUMENTATION_COMMENTS = YES;
				CLANG_WARN_EMPTY_BODY = YES;
				CLANG_WARN_ENUM_CONVERSION = YES;
				CLANG_WARN_INFINITE_RECURSION = YES;
				CLANG_WARN_INT_CONVERSION = YES;
				CLANG_WARN_NON_LITERAL_NULL_CONVERSION = YES;
				CLANG_WARN_OBJC_IMPLICIT_RETAIN_SELF = YES;
				CLANG_WARN_OBJC_LITERAL_CONVERSION = YES;
				CLANG_WARN_OBJC_ROOT_CLASS = YES_ERROR;
				CLANG_WARN_QUOTED_INCLUDE_IN_FRAMEWORK_HEADER = YES;
				CLANG_WARN_RANGE_LOOP_ANALYSIS = YES;
				CLANG_WARN_STRICT_PROTOTYPES = YES;
				CLANG_WARN_SUSPICIOUS_MOVE = YES;
				CLANG_WARN_UNGUARDED_AVAILABILITY = YES_AGGRESSIVE;
				CLANG_WARN_UNREACHABLE_CODE = YES;
				CLANG_WARN__DUPLICATE_METHOD_MATCH = YES;
				COPY_PHASE_STRIP = NO;
				DEBUG_INFORMATION_FORMAT = "dwarf-with-dsym";
				ENABLE_NS_ASSERTIONS = NO;
				ENABLE_STRICT_OBJC_MSGSEND = YES;
				GCC_C_LANGUAGE_STANDARD = gnu11;
				GCC_NO_COMMON_BLOCKS = YES;
				GCC_WARN_64_TO_32_BIT_CONVERSION = YES;
				GCC_WARN_ABOUT_RETURN_TYPE = YES_ERROR;
				GCC_WARN_UNDECLARED_SELECTOR = YES;
				GCC_WARN_UNINITIALIZED_AUTOS = YES_AGGRESSIVE;
				GCC_WARN_UNUSED_FUNCTION = YES;
				GCC_WARN_UNUSED_VARIABLE = YES;
				IPHONEOS_DEPLOYMENT_TARGET = 14.1;
				MTL_ENABLE_DEBUG_INFO = NO;
				MTL_FAST_MATH = YES;
				SDKROOT = iphoneos;
				SWIFT_COMPILATION_MODE = wholemodule;
				SWIFT_OPTIMIZATION_LEVEL = "-O";
				VALIDATE_PRODUCT = YES;
			};
			name = Release;
		};
		7E3E427925CB2C7D00B2F5AC /* Debug */ = {
			isa = XCBuildConfiguration;
			buildSettings = {
				ASSETCATALOG_COMPILER_APPICON_NAME = AppIcon;
				ASSETCATALOG_COMPILER_GLOBAL_ACCENT_COLOR_NAME = AccentColor;
				CODE_SIGN_ENTITLEMENTS = KanaTorii/KanaTorii.entitlements;
				CODE_SIGN_STYLE = Automatic;
				CURRENT_PROJECT_VERSION = 1;
				DEVELOPMENT_ASSET_PATHS = "\"KanaTorii/Preview Content\"";
				DEVELOPMENT_TEAM = X56656LMAV;
				ENABLE_PREVIEWS = YES;
				INFOPLIST_FILE = KanaTorii/Info.plist;
				IPHONEOS_DEPLOYMENT_TARGET = 14.1;
				LD_RUNPATH_SEARCH_PATHS = (
					"$(inherited)",
					"@executable_path/Frameworks",
				);
				MARKETING_VERSION = 2.0.7;
				PRODUCT_BUNDLE_IDENTIFIER = fr.clementfloret.kanatorii;
				PRODUCT_NAME = "$(TARGET_NAME)";
				SWIFT_VERSION = 5.0;
				TARGETED_DEVICE_FAMILY = "1,2";
			};
			name = Debug;
		};
		7E3E427A25CB2C7D00B2F5AC /* Release */ = {
			isa = XCBuildConfiguration;
			buildSettings = {
				ASSETCATALOG_COMPILER_APPICON_NAME = AppIcon;
				ASSETCATALOG_COMPILER_GLOBAL_ACCENT_COLOR_NAME = AccentColor;
				CODE_SIGN_ENTITLEMENTS = KanaTorii/KanaTorii.entitlements;
				CODE_SIGN_STYLE = Automatic;
				CURRENT_PROJECT_VERSION = 1;
				DEVELOPMENT_ASSET_PATHS = "\"KanaTorii/Preview Content\"";
				DEVELOPMENT_TEAM = X56656LMAV;
				ENABLE_PREVIEWS = YES;
				INFOPLIST_FILE = KanaTorii/Info.plist;
				IPHONEOS_DEPLOYMENT_TARGET = 14.1;
				LD_RUNPATH_SEARCH_PATHS = (
					"$(inherited)",
					"@executable_path/Frameworks",
				);
				MARKETING_VERSION = 2.0.7;
				PRODUCT_BUNDLE_IDENTIFIER = fr.clementfloret.kanatorii;
				PRODUCT_NAME = "$(TARGET_NAME)";
				SWIFT_VERSION = 5.0;
				TARGETED_DEVICE_FAMILY = "1,2";
			};
			name = Release;
		};
		7E3E427C25CB2C7D00B2F5AC /* Debug */ = {
			isa = XCBuildConfiguration;
			buildSettings = {
				ALWAYS_EMBED_SWIFT_STANDARD_LIBRARIES = YES;
				BUNDLE_LOADER = "$(TEST_HOST)";
				CODE_SIGN_STYLE = Automatic;
				DEVELOPMENT_TEAM = X56656LMAV;
				INFOPLIST_FILE = KanaToriiTests/Info.plist;
				IPHONEOS_DEPLOYMENT_TARGET = 14.1;
				LD_RUNPATH_SEARCH_PATHS = (
					"$(inherited)",
					"@executable_path/Frameworks",
					"@loader_path/Frameworks",
				);
				PRODUCT_BUNDLE_IDENTIFIER = fr.clementfloret.kanatorii.KanaToriiTests;
				PRODUCT_NAME = "$(TARGET_NAME)";
				SWIFT_VERSION = 5.0;
				TARGETED_DEVICE_FAMILY = "1,2";
				TEST_HOST = "$(BUILT_PRODUCTS_DIR)/KanaTorii.app/KanaTorii";
			};
			name = Debug;
		};
		7E3E427D25CB2C7D00B2F5AC /* Release */ = {
			isa = XCBuildConfiguration;
			buildSettings = {
				ALWAYS_EMBED_SWIFT_STANDARD_LIBRARIES = YES;
				BUNDLE_LOADER = "$(TEST_HOST)";
				CODE_SIGN_STYLE = Automatic;
				DEVELOPMENT_TEAM = X56656LMAV;
				INFOPLIST_FILE = KanaToriiTests/Info.plist;
				IPHONEOS_DEPLOYMENT_TARGET = 14.1;
				LD_RUNPATH_SEARCH_PATHS = (
					"$(inherited)",
					"@executable_path/Frameworks",
					"@loader_path/Frameworks",
				);
				PRODUCT_BUNDLE_IDENTIFIER = fr.clementfloret.kanatorii.KanaToriiTests;
				PRODUCT_NAME = "$(TARGET_NAME)";
				SWIFT_VERSION = 5.0;
				TARGETED_DEVICE_FAMILY = "1,2";
				TEST_HOST = "$(BUILT_PRODUCTS_DIR)/KanaTorii.app/KanaTorii";
			};
			name = Release;
		};
		7E3E427F25CB2C7D00B2F5AC /* Debug */ = {
			isa = XCBuildConfiguration;
			buildSettings = {
				ALWAYS_EMBED_SWIFT_STANDARD_LIBRARIES = YES;
				CODE_SIGN_STYLE = Automatic;
				DEVELOPMENT_TEAM = X56656LMAV;
				INFOPLIST_FILE = KanaToriiUITests/Info.plist;
				LD_RUNPATH_SEARCH_PATHS = (
					"$(inherited)",
					"@executable_path/Frameworks",
					"@loader_path/Frameworks",
				);
				PRODUCT_BUNDLE_IDENTIFIER = fr.clementfloret.kanatorii.KanaToriiUITests;
				PRODUCT_NAME = "$(TARGET_NAME)";
				SWIFT_VERSION = 5.0;
				TARGETED_DEVICE_FAMILY = "1,2";
				TEST_TARGET_NAME = KanaTorii;
			};
			name = Debug;
		};
		7E3E428025CB2C7D00B2F5AC /* Release */ = {
			isa = XCBuildConfiguration;
			buildSettings = {
				ALWAYS_EMBED_SWIFT_STANDARD_LIBRARIES = YES;
				CODE_SIGN_STYLE = Automatic;
				DEVELOPMENT_TEAM = X56656LMAV;
				INFOPLIST_FILE = KanaToriiUITests/Info.plist;
				LD_RUNPATH_SEARCH_PATHS = (
					"$(inherited)",
					"@executable_path/Frameworks",
					"@loader_path/Frameworks",
				);
				PRODUCT_BUNDLE_IDENTIFIER = fr.clementfloret.kanatorii.KanaToriiUITests;
				PRODUCT_NAME = "$(TARGET_NAME)";
				SWIFT_VERSION = 5.0;
				TARGETED_DEVICE_FAMILY = "1,2";
				TEST_TARGET_NAME = KanaTorii;
			};
			name = Release;
		};
/* End XCBuildConfiguration section */

/* Begin XCConfigurationList section */
		7E3E424925CB2C7C00B2F5AC /* Build configuration list for PBXProject "KanaTorii" */ = {
			isa = XCConfigurationList;
			buildConfigurations = (
				7E3E427625CB2C7D00B2F5AC /* Debug */,
				7E3E427725CB2C7D00B2F5AC /* Release */,
			);
			defaultConfigurationIsVisible = 0;
			defaultConfigurationName = Release;
		};
		7E3E427825CB2C7D00B2F5AC /* Build configuration list for PBXNativeTarget "KanaTorii" */ = {
			isa = XCConfigurationList;
			buildConfigurations = (
				7E3E427925CB2C7D00B2F5AC /* Debug */,
				7E3E427A25CB2C7D00B2F5AC /* Release */,
			);
			defaultConfigurationIsVisible = 0;
			defaultConfigurationName = Release;
		};
		7E3E427B25CB2C7D00B2F5AC /* Build configuration list for PBXNativeTarget "KanaToriiTests" */ = {
			isa = XCConfigurationList;
			buildConfigurations = (
				7E3E427C25CB2C7D00B2F5AC /* Debug */,
				7E3E427D25CB2C7D00B2F5AC /* Release */,
			);
			defaultConfigurationIsVisible = 0;
			defaultConfigurationName = Release;
		};
		7E3E427E25CB2C7D00B2F5AC /* Build configuration list for PBXNativeTarget "KanaToriiUITests" */ = {
			isa = XCConfigurationList;
			buildConfigurations = (
				7E3E427F25CB2C7D00B2F5AC /* Debug */,
				7E3E428025CB2C7D00B2F5AC /* Release */,
			);
			defaultConfigurationIsVisible = 0;
			defaultConfigurationName = Release;
		};
/* End XCConfigurationList section */

/* Begin XCRemoteSwiftPackageReference section */
		7E64757A26125731005507E0 /* XCRemoteSwiftPackageReference "SwiftKeychainWrapper" */ = {
			isa = XCRemoteSwiftPackageReference;
			repositoryURL = "https://github.com/jrendel/SwiftKeychainWrapper";
			requirement = {
				kind = upToNextMajorVersion;
				minimumVersion = 4.0.1;
			};
		};
/* End XCRemoteSwiftPackageReference section */

/* Begin XCSwiftPackageProductDependency section */
		7E64757B26125731005507E0 /* SwiftKeychainWrapper */ = {
			isa = XCSwiftPackageProductDependency;
			package = 7E64757A26125731005507E0 /* XCRemoteSwiftPackageReference "SwiftKeychainWrapper" */;
			productName = SwiftKeychainWrapper;
		};
/* End XCSwiftPackageProductDependency section */

/* Begin XCVersionGroup section */
		7E3E425C25CB2C7C00B2F5AC /* KanaTorii.xcdatamodeld */ = {
			isa = XCVersionGroup;
			children = (
				7E3E425D25CB2C7C00B2F5AC /* KanaTorii.xcdatamodel */,
			);
			currentVersion = 7E3E425D25CB2C7C00B2F5AC /* KanaTorii.xcdatamodel */;
			path = KanaTorii.xcdatamodeld;
			sourceTree = "<group>";
			versionGroupType = wrapper.xcdatamodel;
		};
/* End XCVersionGroup section */
	};
	rootObject = 7E3E424625CB2C7C00B2F5AC /* Project object */;
}
